PODS:
  - AFNetworking (1.3.2)
  - Facebook-iOS-SDK (3.6.0)
  - google-plus-ios-sdk (1.3.0)
  - MMDrawerController (0.4.0):
    - MMDrawerController/Core
    - MMDrawerController/MMDrawerBarButtonItem
    - MMDrawerController/MMDrawerVisualStates
    - MMDrawerController/Subclass
  - MMDrawerController/Core (0.4.0)
  - MMDrawerController/MMDrawerBarButtonItem (0.4.0):
    - MMDrawerController/Core
  - MMDrawerController/MMDrawerVisualStates (0.4.0):
    - MMDrawerController/Core
  - MMDrawerController/Subclass (0.4.0):
    - MMDrawerController/Core
  - REFormattedNumberField (1.0.4)
  - RETableViewManager (1.1.2):
    - REFormattedNumberField (~> 1.0.4)
  - SIAlertView (1.2)
  - SVProgressHUD (0.9)
  - TSMiniWebBrowser (1.0.1)

DEPENDENCIES:
  - AFNetworking (~> 1.3)
  - Facebook-iOS-SDK (~> 3.6.0)
  - google-plus-ios-sdk (~> 1.3.0)
  - MMDrawerController (~> 0.4.0)
  - RETableViewManager (~> 1.1.2)
  - SIAlertView
  - SVProgressHUD (= 0.9)
  - TSMiniWebBrowser

SPEC CHECKSUMS:
  AFNetworking: 7f9bcd7c287a75476cd5c61e82fd3380e93e4c54
  Facebook-iOS-SDK: a60c23acea22161609ef6144ffff686e6f133902
  google-plus-ios-sdk: 38378c4094a72a4fcdd5254c03fdd1813b345fb9
  MMDrawerController: 44baaee6b79487b4681eb61597fb790586909c0c
  REFormattedNumberField: 74ac0f5ce7001102a461dd025d34c93be7794a00
  RETableViewManager: a4aba458bdff0c079eea03a0c882eb6fbf1ba3e2
  SIAlertView: fd188f66278761f4ff069f517c3deb2be16ecdcc
  SVProgressHUD: 03d4845ec8e64591726428a08236c6a5489d45f8
  TSMiniWebBrowser: b0d1e578f250f29615541093564df0c2aebcda07

COCOAPODS: 0.23.0
