PODS:
  - AFNetworking (1.3.1)
  - Facebook-iOS-SDK (3.6.0)
  - google-plus-ios-sdk (1.3.0)
  - MBProgressHUD (0.7)
  - SVProgressHUD (0.9)

DEPENDENCIES:
  - AFNetworking (~> 1.3)
  - Facebook-iOS-SDK (~> 3.6.0)
  - google-plus-ios-sdk (~> 1.3.0)
  - MBProgressHUD (= 0.7)
  - SVProgressHUD (= 0.9)

SPEC CHECKSUMS:
  AFNetworking: 9ec8aafb9269236a7630bd8d9838ce2ba30fa2a0
  Facebook-iOS-SDK: a60c23acea22161609ef6144ffff686e6f133902
  google-plus-ios-sdk: 38378c4094a72a4fcdd5254c03fdd1813b345fb9
  MBProgressHUD: 1fd8591a2216d5dec6de24e09187bb03bcbe9946
  SVProgressHUD: 03d4845ec8e64591726428a08236c6a5489d45f8

COCOAPODS: 0.22.3
