// !$*UTF8*$!
{
	archiveVersion = 1;
	classes = {
	};
	objectVersion = 46;
	objects = {

/* Begin PBXBuildFile section */
		7206266217BA8EF200455298 /* CoreTelephony.framework in Frameworks */ = {isa = PBXBuildFile; fileRef = 7206266117BA8EF200455298 /* CoreTelephony.framework */; };
		7206267217BAA25100455298 /* manual_tab_bar_icon.png in Resources */ = {isa = PBXBuildFile; fileRef = 7206267117BAA25100455298 /* manual_tab_bar_icon.png */; };
		7206267417BAA2C300455298 /* recommended_tab_bar_icon.png in Resources */ = {isa = PBXBuildFile; fileRef = 7206267317BAA2C300455298 /* recommended_tab_bar_icon.png */; };
		7206267717BAA2FA00455298 /* AddNewsSourceManuallyViewController.m in Sources */ = {isa = PBXBuildFile; fileRef = 7206267617BAA2FA00455298 /* AddNewsSourceManuallyViewController.m */; };
		7206267A17BAAA8F00455298 /* NewsItemsViewController.m in Sources */ = {isa = PBXBuildFile; fileRef = 7206267917BAAA8F00455298 /* NewsItemsViewController.m */; };
		7206267F17BAAEA500455298 /* SystemConfiguration.framework in Frameworks */ = {isa = PBXBuildFile; fileRef = 7206267E17BAAEA500455298 /* SystemConfiguration.framework */; };
		7206268117BAAEB500455298 /* libz.dylib in Frameworks */ = {isa = PBXBuildFile; fileRef = 7206268017BAAEB500455298 /* libz.dylib */; };
		7206268917BAB2DD00455298 /* NewsGroup.m in Sources */ = {isa = PBXBuildFile; fileRef = 7206268817BAB2DD00455298 /* NewsGroup.m */; };
		7208343A17A0288800CEC1E5 /* UIKit.framework in Frameworks */ = {isa = PBXBuildFile; fileRef = 7208343917A0288800CEC1E5 /* UIKit.framework */; };
		7208343C17A0288800CEC1E5 /* Foundation.framework in Frameworks */ = {isa = PBXBuildFile; fileRef = 7208343B17A0288800CEC1E5 /* Foundation.framework */; };
		7208343E17A0288800CEC1E5 /* CoreGraphics.framework in Frameworks */ = {isa = PBXBuildFile; fileRef = 7208343D17A0288800CEC1E5 /* CoreGraphics.framework */; };
		7208344617A0288800CEC1E5 /* main.m in Sources */ = {isa = PBXBuildFile; fileRef = 7208344517A0288800CEC1E5 /* main.m */; };
		7208344A17A0288800CEC1E5 /* AppDelegate.m in Sources */ = {isa = PBXBuildFile; fileRef = 7208344917A0288800CEC1E5 /* AppDelegate.m */; };
		7208344C17A0288800CEC1E5 /* Default.png in Resources */ = {isa = PBXBuildFile; fileRef = 7208344B17A0288800CEC1E5 /* Default.png */; };
		7208344E17A0288800CEC1E5 /* Default@2x.png in Resources */ = {isa = PBXBuildFile; fileRef = 7208344D17A0288800CEC1E5 /* Default@2x.png */; };
		7208345017A0288800CEC1E5 /* Default-568h@2x.png in Resources */ = {isa = PBXBuildFile; fileRef = 7208344F17A0288800CEC1E5 /* Default-568h@2x.png */; };
		7218012117CF498200386B12 /* NewsItemCell.m in Sources */ = {isa = PBXBuildFile; fileRef = 7218012017CF498200386B12 /* NewsItemCell.m */; };
		7272DB3417BCC45F00286E9A /* dark_dotted.png in Resources */ = {isa = PBXBuildFile; fileRef = 7272DB3217BCC45F00286E9A /* dark_dotted.png */; };
		7272DB3517BCC45F00286E9A /* dark_dotted@2X.png in Resources */ = {isa = PBXBuildFile; fileRef = 7272DB3317BCC45F00286E9A /* dark_dotted@2X.png */; };
		7272DB3817BCC47A00286E9A /* logo.png in Resources */ = {isa = PBXBuildFile; fileRef = 7272DB3617BCC47A00286E9A /* logo.png */; };
		7272DB3917BCC47A00286E9A /* logo@2x.png in Resources */ = {isa = PBXBuildFile; fileRef = 7272DB3717BCC47A00286E9A /* logo@2x.png */; };
		7273022717D0E3EA00CE4F27 /* Social.framework in Frameworks */ = {isa = PBXBuildFile; fileRef = 7282832C17BF7A90006DEE19 /* Social.framework */; };
		727B033A17BA12CD003A0500 /* CoreData.framework in Frameworks */ = {isa = PBXBuildFile; fileRef = 727B033917BA12CD003A0500 /* CoreData.framework */; };
		7282832A17BF79DA006DEE19 /* navbar_bg.png in Resources */ = {isa = PBXBuildFile; fileRef = 7282832817BF79DA006DEE19 /* navbar_bg.png */; };
		7282832B17BF79DA006DEE19 /* navbar_bg@2x.png in Resources */ = {isa = PBXBuildFile; fileRef = 7282832917BF79DA006DEE19 /* navbar_bg@2x.png */; };
		7284E40D17DC7F2B00DB4718 /* blankimgfavico in Resources */ = {isa = PBXBuildFile; fileRef = 7284E40B17DC7F2B00DB4718 /* blankimgfavico */; };
		7284E40E17DC7F2B00DB4718 /* blankimgfavico@2x in Resources */ = {isa = PBXBuildFile; fileRef = 7284E40C17DC7F2B00DB4718 /* blankimgfavico@2x */; };
		7284E41117DC816500DB4718 /* NewsSourceCell.m in Sources */ = {isa = PBXBuildFile; fileRef = 7284E41017DC816500DB4718 /* NewsSourceCell.m */; };
		7284E41417DC818E00DB4718 /* AllNewsItemsViewController.m in Sources */ = {isa = PBXBuildFile; fileRef = 7284E41317DC818E00DB4718 /* AllNewsItemsViewController.m */; };
		7284E41717DC81A500DB4718 /* PageNewsItemsViewController.m in Sources */ = {isa = PBXBuildFile; fileRef = 7284E41617DC81A500DB4718 /* PageNewsItemsViewController.m */; };
		728661D217BFAF4200AA13D3 /* squairy_light.png in Resources */ = {isa = PBXBuildFile; fileRef = 728661D017BFAF4200AA13D3 /* squairy_light.png */; };
		728661D317BFAF4200AA13D3 /* squairy_light@2X.png in Resources */ = {isa = PBXBuildFile; fileRef = 728661D117BFAF4200AA13D3 /* squairy_light@2X.png */; };
		728661D617BFAF5000AA13D3 /* tweed_@2X.png in Resources */ = {isa = PBXBuildFile; fileRef = 728661D417BFAF5000AA13D3 /* tweed_@2X.png */; };
		728661D717BFAF5000AA13D3 /* tweed.png in Resources */ = {isa = PBXBuildFile; fileRef = 728661D517BFAF5000AA13D3 /* tweed.png */; };
		728661DA17BFD21E00AA13D3 /* SearchViewController.m in Sources */ = {isa = PBXBuildFile; fileRef = 728661D917BFD21E00AA13D3 /* SearchViewController.m */; };
		728BF50617D7CBE900B3F546 /* Localizable.strings in Resources */ = {isa = PBXBuildFile; fileRef = 728BF50817D7CBE900B3F546 /* Localizable.strings */; };
		728BF50E17D7CC8B00B3F546 /* Stiri-Info.plist in Resources */ = {isa = PBXBuildFile; fileRef = 728BF50D17D7CC8B00B3F546 /* Stiri-Info.plist */; };
		7291565317BA35AA00A6FD66 /* NewsDataSource.m in Sources */ = {isa = PBXBuildFile; fileRef = 7291565217BA35AA00A6FD66 /* NewsDataSource.m */; };
		7291565617BA35CF00A6FD66 /* NewsModel.xcdatamodeld in Sources */ = {isa = PBXBuildFile; fileRef = 7291565417BA35CF00A6FD66 /* NewsModel.xcdatamodeld */; };
		7291565917BA35FB00A6FD66 /* NewsGroupViewController.m in Sources */ = {isa = PBXBuildFile; fileRef = 7291565817BA35FB00A6FD66 /* NewsGroupViewController.m */; };
		7291565C17BA363400A6FD66 /* NewsSourceViewController.m in Sources */ = {isa = PBXBuildFile; fileRef = 7291565B17BA363400A6FD66 /* NewsSourceViewController.m */; };
		7291565F17BA364600A6FD66 /* LoginViewController.m in Sources */ = {isa = PBXBuildFile; fileRef = 7291565E17BA364600A6FD66 /* LoginViewController.m */; };
		7291566217BA595800A6FD66 /* InitialViewController.m in Sources */ = {isa = PBXBuildFile; fileRef = 7291566117BA595800A6FD66 /* InitialViewController.m */; };
		7291566917BA5DE900A6FD66 /* MenuViewController.m in Sources */ = {isa = PBXBuildFile; fileRef = 7291566817BA5DE900A6FD66 /* MenuViewController.m */; };
		7296D95E17D32E9900E05075 /* blankimg.png in Resources */ = {isa = PBXBuildFile; fileRef = 7296D95C17D32E9900E05075 /* blankimg.png */; };
		7296D95F17D32E9900E05075 /* blankimg@2x.png in Resources */ = {isa = PBXBuildFile; fileRef = 7296D95D17D32E9900E05075 /* blankimg@2x.png */; };
		729EA62017DB659400145909 /* AddNewsSourceCategoriesViewController.m in Sources */ = {isa = PBXBuildFile; fileRef = 729EA61F17DB659400145909 /* AddNewsSourceCategoriesViewController.m */; };
		729EA62817DB65D000145909 /* AddNewsSourceSearchViewController.m in Sources */ = {isa = PBXBuildFile; fileRef = 729EA62717DB65D000145909 /* AddNewsSourceSearchViewController.m */; };
		729EA62E17DB660400145909 /* AddNewsSourceCategoriesFeedsViewController.m in Sources */ = {isa = PBXBuildFile; fileRef = 729EA62D17DB660400145909 /* AddNewsSourceCategoriesFeedsViewController.m */; };
		729EA63117DB661000145909 /* AddNewsSourceSelectGroupViewController.m in Sources */ = {isa = PBXBuildFile; fileRef = 729EA63017DB661000145909 /* AddNewsSourceSelectGroupViewController.m */; };
		729FE49A17D24D8E00A5A653 /* HHDirectionPanGestureRecognizer.m in Sources */ = {isa = PBXBuildFile; fileRef = 729FE45817D24D8E00A5A653 /* HHDirectionPanGestureRecognizer.m */; };
		729FE49B17D24D8E00A5A653 /* HHInnerShadowView.m in Sources */ = {isa = PBXBuildFile; fileRef = 729FE45A17D24D8E00A5A653 /* HHInnerShadowView.m */; };
		729FE49C17D24D8E00A5A653 /* HHPanningTableViewCell.m in Sources */ = {isa = PBXBuildFile; fileRef = 729FE45C17D24D8E00A5A653 /* HHPanningTableViewCell.m */; };
		729FE49D17D24D8E00A5A653 /* MagicalImportFunctions.m in Sources */ = {isa = PBXBuildFile; fileRef = 729FE46117D24D8E00A5A653 /* MagicalImportFunctions.m */; };
		729FE49E17D24D8E00A5A653 /* NSAttributeDescription+MagicalDataImport.m in Sources */ = {isa = PBXBuildFile; fileRef = 729FE46317D24D8E00A5A653 /* NSAttributeDescription+MagicalDataImport.m */; };
		729FE49F17D24D8E00A5A653 /* NSEntityDescription+MagicalDataImport.m in Sources */ = {isa = PBXBuildFile; fileRef = 729FE46517D24D8E00A5A653 /* NSEntityDescription+MagicalDataImport.m */; };
		729FE4A017D24D8E00A5A653 /* NSNumber+MagicalDataImport.m in Sources */ = {isa = PBXBuildFile; fileRef = 729FE46717D24D8E00A5A653 /* NSNumber+MagicalDataImport.m */; };
		729FE4A117D24D8E00A5A653 /* NSObject+MagicalDataImport.m in Sources */ = {isa = PBXBuildFile; fileRef = 729FE46917D24D8E00A5A653 /* NSObject+MagicalDataImport.m */; };
		729FE4A217D24D8E00A5A653 /* NSRelationshipDescription+MagicalDataImport.m in Sources */ = {isa = PBXBuildFile; fileRef = 729FE46B17D24D8E00A5A653 /* NSRelationshipDescription+MagicalDataImport.m */; };
		729FE4A317D24D8E00A5A653 /* NSString+MagicalDataImport.m in Sources */ = {isa = PBXBuildFile; fileRef = 729FE46D17D24D8E00A5A653 /* NSString+MagicalDataImport.m */; };
		729FE4A417D24D8E00A5A653 /* NSManagedObject+MagicalAggregation.m in Sources */ = {isa = PBXBuildFile; fileRef = 729FE47017D24D8E00A5A653 /* NSManagedObject+MagicalAggregation.m */; };
		729FE4A517D24D8E00A5A653 /* NSManagedObject+MagicalDataImport.m in Sources */ = {isa = PBXBuildFile; fileRef = 729FE47217D24D8E00A5A653 /* NSManagedObject+MagicalDataImport.m */; };
		729FE4A617D24D8E00A5A653 /* NSManagedObject+MagicalFinders.m in Sources */ = {isa = PBXBuildFile; fileRef = 729FE47417D24D8E00A5A653 /* NSManagedObject+MagicalFinders.m */; };
		729FE4A717D24D8E00A5A653 /* NSManagedObject+MagicalRecord.m in Sources */ = {isa = PBXBuildFile; fileRef = 729FE47617D24D8E00A5A653 /* NSManagedObject+MagicalRecord.m */; };
		729FE4A817D24D8E00A5A653 /* NSManagedObject+MagicalRequests.m in Sources */ = {isa = PBXBuildFile; fileRef = 729FE47817D24D8E00A5A653 /* NSManagedObject+MagicalRequests.m */; };
		729FE4A917D24D8E00A5A653 /* NSManagedObjectContext+MagicalObserving.m in Sources */ = {isa = PBXBuildFile; fileRef = 729FE47B17D24D8E00A5A653 /* NSManagedObjectContext+MagicalObserving.m */; };
		729FE4AA17D24D8E00A5A653 /* NSManagedObjectContext+MagicalRecord.m in Sources */ = {isa = PBXBuildFile; fileRef = 729FE47D17D24D8E00A5A653 /* NSManagedObjectContext+MagicalRecord.m */; };
		729FE4AB17D24D8E00A5A653 /* NSManagedObjectContext+MagicalSaves.m in Sources */ = {isa = PBXBuildFile; fileRef = 729FE47F17D24D8E00A5A653 /* NSManagedObjectContext+MagicalSaves.m */; };
		729FE4AC17D24D8E00A5A653 /* NSManagedObjectContext+MagicalThreading.m in Sources */ = {isa = PBXBuildFile; fileRef = 729FE48117D24D8E00A5A653 /* NSManagedObjectContext+MagicalThreading.m */; };
		729FE4AD17D24D8E00A5A653 /* NSManagedObjectModel+MagicalRecord.m in Sources */ = {isa = PBXBuildFile; fileRef = 729FE48317D24D8E00A5A653 /* NSManagedObjectModel+MagicalRecord.m */; };
		729FE4AE17D24D8E00A5A653 /* NSPersistentStore+MagicalRecord.m in Sources */ = {isa = PBXBuildFile; fileRef = 729FE48517D24D8E00A5A653 /* NSPersistentStore+MagicalRecord.m */; };
		729FE4AF17D24D8E00A5A653 /* NSPersistentStoreCoordinator+MagicalRecord.m in Sources */ = {isa = PBXBuildFile; fileRef = 729FE48717D24D8E00A5A653 /* NSPersistentStoreCoordinator+MagicalRecord.m */; };
		729FE4B017D24D8E00A5A653 /* MagicalRecord+Actions.m in Sources */ = {isa = PBXBuildFile; fileRef = 729FE48A17D24D8E00A5A653 /* MagicalRecord+Actions.m */; };
		729FE4B117D24D8E00A5A653 /* MagicalRecord+ErrorHandling.m in Sources */ = {isa = PBXBuildFile; fileRef = 729FE48C17D24D8E00A5A653 /* MagicalRecord+ErrorHandling.m */; };
		729FE4B217D24D8E00A5A653 /* MagicalRecord+iCloud.m in Sources */ = {isa = PBXBuildFile; fileRef = 729FE48E17D24D8E00A5A653 /* MagicalRecord+iCloud.m */; };
		729FE4B317D24D8E00A5A653 /* MagicalRecord+Options.m in Sources */ = {isa = PBXBuildFile; fileRef = 729FE49017D24D8E00A5A653 /* MagicalRecord+Options.m */; };
		729FE4B417D24D8E00A5A653 /* MagicalRecord+Setup.m in Sources */ = {isa = PBXBuildFile; fileRef = 729FE49217D24D8E00A5A653 /* MagicalRecord+Setup.m */; };
		729FE4B517D24D8E00A5A653 /* MagicalRecord+ShorthandSupport.m in Sources */ = {isa = PBXBuildFile; fileRef = 729FE49417D24D8E00A5A653 /* MagicalRecord+ShorthandSupport.m */; };
		729FE4B617D24D8E00A5A653 /* MagicalRecord.m in Sources */ = {isa = PBXBuildFile; fileRef = 729FE49617D24D8E00A5A653 /* MagicalRecord.m */; };
		729FE50417D2576C00A5A653 /* NewsSource.m in Sources */ = {isa = PBXBuildFile; fileRef = 729FE50317D2576C00A5A653 /* NewsSource.m */; };
		72B8682417B3C50100A871E5 /* MainStoryboard_iPhone.storyboard in Resources */ = {isa = PBXBuildFile; fileRef = 72B8682117B3C50100A871E5 /* MainStoryboard_iPhone.storyboard */; };
		72CB3B8717BB82F800D599CA /* icon.png in Resources */ = {isa = PBXBuildFile; fileRef = 72CB3B8617BB82F800D599CA /* icon.png */; };
		72CB3B8917BB83C100D599CA /* iconretina.png in Resources */ = {isa = PBXBuildFile; fileRef = 72CB3B8817BB83C100D599CA /* iconretina.png */; };
		72CB3B8C17BBA21200D599CA /* NewsItemViewController.m in Sources */ = {isa = PBXBuildFile; fileRef = 72CB3B8B17BBA21200D599CA /* NewsItemViewController.m */; };
		72EEB31D17BF881C0059469B /* delete_button.png in Resources */ = {isa = PBXBuildFile; fileRef = 72EEB31B17BF881C0059469B /* delete_button.png */; };
		72EEB31E17BF881C0059469B /* delete_button@2x.png in Resources */ = {isa = PBXBuildFile; fileRef = 72EEB31C17BF881C0059469B /* delete_button@2x.png */; };
		72EEB32117BF8AF90059469B /* rename_button.png in Resources */ = {isa = PBXBuildFile; fileRef = 72EEB31F17BF8AF90059469B /* rename_button.png */; };
		72EEB32217BF8AF90059469B /* rename_button@2x.png in Resources */ = {isa = PBXBuildFile; fileRef = 72EEB32017BF8AF90059469B /* rename_button@2x.png */; };
		72F48EA617C0052900F9BB56 /* noisy_net_@2X.png in Resources */ = {isa = PBXBuildFile; fileRef = 72F48EA417C0052900F9BB56 /* noisy_net_@2X.png */; };
		72F48EA717C0052900F9BB56 /* noisy_net.png in Resources */ = {isa = PBXBuildFile; fileRef = 72F48EA517C0052900F9BB56 /* noisy_net.png */; };
		72FF80D517CB5D0B007207D0 /* NewsItem.m in Sources */ = {isa = PBXBuildFile; fileRef = 72FF80D417CB5D0B007207D0 /* NewsItem.m */; };
		F6ACFD7519D3414A9256BAA2 /* libPods.a in Frameworks */ = {isa = PBXBuildFile; fileRef = 33E65F1F32904CA68E71C0AC /* libPods.a */; };
/* End PBXBuildFile section */

/* Begin PBXFileReference section */
		0E217E52A67247C48E4AFB43 /* Pods.xcconfig */ = {isa = PBXFileReference; includeInIndex = 1; lastKnownFileType = text.xcconfig; name = Pods.xcconfig; path = Pods/Pods.xcconfig; sourceTree = SOURCE_ROOT; };
		33E65F1F32904CA68E71C0AC /* libPods.a */ = {isa = PBXFileReference; explicitFileType = archive.ar; includeInIndex = 0; path = libPods.a; sourceTree = BUILT_PRODUCTS_DIR; };
		7206266117BA8EF200455298 /* CoreTelephony.framework */ = {isa = PBXFileReference; lastKnownFileType = wrapper.framework; name = CoreTelephony.framework; path = System/Library/Frameworks/CoreTelephony.framework; sourceTree = SDKROOT; };
		7206267117BAA25100455298 /* manual_tab_bar_icon.png */ = {isa = PBXFileReference; lastKnownFileType = image.png; name = manual_tab_bar_icon.png; path = Assets/manual_tab_bar_icon.png; sourceTree = "<group>"; };
		7206267317BAA2C300455298 /* recommended_tab_bar_icon.png */ = {isa = PBXFileReference; lastKnownFileType = image.png; name = recommended_tab_bar_icon.png; path = Assets/recommended_tab_bar_icon.png; sourceTree = "<group>"; };
		7206267517BAA2FA00455298 /* AddNewsSourceManuallyViewController.h */ = {isa = PBXFileReference; fileEncoding = 4; lastKnownFileType = sourcecode.c.h; name = AddNewsSourceManuallyViewController.h; path = Controller/AddNewsSourceManuallyViewController.h; sourceTree = "<group>"; };
		7206267617BAA2FA00455298 /* AddNewsSourceManuallyViewController.m */ = {isa = PBXFileReference; fileEncoding = 4; lastKnownFileType = sourcecode.c.objc; name = AddNewsSourceManuallyViewController.m; path = Controller/AddNewsSourceManuallyViewController.m; sourceTree = "<group>"; };
		7206267817BAAA8F00455298 /* NewsItemsViewController.h */ = {isa = PBXFileReference; fileEncoding = 4; lastKnownFileType = sourcecode.c.h; name = NewsItemsViewController.h; path = Controller/NewsItemsViewController.h; sourceTree = "<group>"; };
		7206267917BAAA8F00455298 /* NewsItemsViewController.m */ = {isa = PBXFileReference; fileEncoding = 4; lastKnownFileType = sourcecode.c.objc; name = NewsItemsViewController.m; path = Controller/NewsItemsViewController.m; sourceTree = "<group>"; };
		7206267E17BAAEA500455298 /* SystemConfiguration.framework */ = {isa = PBXFileReference; lastKnownFileType = wrapper.framework; name = SystemConfiguration.framework; path = System/Library/Frameworks/SystemConfiguration.framework; sourceTree = SDKROOT; };
		7206268017BAAEB500455298 /* libz.dylib */ = {isa = PBXFileReference; lastKnownFileType = "compiled.mach-o.dylib"; name = libz.dylib; path = usr/lib/libz.dylib; sourceTree = SDKROOT; };
		7206268717BAB2DD00455298 /* NewsGroup.h */ = {isa = PBXFileReference; fileEncoding = 4; lastKnownFileType = sourcecode.c.h; name = NewsGroup.h; path = Model/NewsGroup.h; sourceTree = "<group>"; };
		7206268817BAB2DD00455298 /* NewsGroup.m */ = {isa = PBXFileReference; fileEncoding = 4; lastKnownFileType = sourcecode.c.objc; name = NewsGroup.m; path = Model/NewsGroup.m; sourceTree = "<group>"; };
		7208343617A0288800CEC1E5 /* Stiri.app */ = {isa = PBXFileReference; explicitFileType = wrapper.application; includeInIndex = 0; path = Stiri.app; sourceTree = BUILT_PRODUCTS_DIR; };
		7208343917A0288800CEC1E5 /* UIKit.framework */ = {isa = PBXFileReference; lastKnownFileType = wrapper.framework; name = UIKit.framework; path = System/Library/Frameworks/UIKit.framework; sourceTree = SDKROOT; };
		7208343B17A0288800CEC1E5 /* Foundation.framework */ = {isa = PBXFileReference; lastKnownFileType = wrapper.framework; name = Foundation.framework; path = System/Library/Frameworks/Foundation.framework; sourceTree = SDKROOT; };
		7208343D17A0288800CEC1E5 /* CoreGraphics.framework */ = {isa = PBXFileReference; lastKnownFileType = wrapper.framework; name = CoreGraphics.framework; path = System/Library/Frameworks/CoreGraphics.framework; sourceTree = SDKROOT; };
		7208344317A0288800CEC1E5 /* en */ = {isa = PBXFileReference; lastKnownFileType = text.plist.strings; name = en; path = en.lproj/InfoPlist.strings; sourceTree = "<group>"; };
		7208344517A0288800CEC1E5 /* main.m */ = {isa = PBXFileReference; lastKnownFileType = sourcecode.c.objc; path = main.m; sourceTree = "<group>"; };
		7208344717A0288800CEC1E5 /* Stiri-Prefix.pch */ = {isa = PBXFileReference; lastKnownFileType = sourcecode.c.h; path = "Stiri-Prefix.pch"; sourceTree = "<group>"; };
		7208344817A0288800CEC1E5 /* AppDelegate.h */ = {isa = PBXFileReference; lastKnownFileType = sourcecode.c.h; path = AppDelegate.h; sourceTree = "<group>"; };
		7208344917A0288800CEC1E5 /* AppDelegate.m */ = {isa = PBXFileReference; lastKnownFileType = sourcecode.c.objc; path = AppDelegate.m; sourceTree = "<group>"; };
		7208344B17A0288800CEC1E5 /* Default.png */ = {isa = PBXFileReference; lastKnownFileType = image.png; path = Default.png; sourceTree = "<group>"; };
		7208344D17A0288800CEC1E5 /* Default@2x.png */ = {isa = PBXFileReference; lastKnownFileType = image.png; path = "Default@2x.png"; sourceTree = "<group>"; };
		7208344F17A0288800CEC1E5 /* Default-568h@2x.png */ = {isa = PBXFileReference; lastKnownFileType = image.png; path = "Default-568h@2x.png"; sourceTree = "<group>"; };
		7208346017A0288800CEC1E5 /* SenTestingKit.framework */ = {isa = PBXFileReference; lastKnownFileType = wrapper.framework; name = SenTestingKit.framework; path = Library/Frameworks/SenTestingKit.framework; sourceTree = DEVELOPER_DIR; };
		7218011F17CF498200386B12 /* NewsItemCell.h */ = {isa = PBXFileReference; fileEncoding = 4; lastKnownFileType = sourcecode.c.h; name = NewsItemCell.h; path = Views/NewsItemCell.h; sourceTree = "<group>"; };
		7218012017CF498200386B12 /* NewsItemCell.m */ = {isa = PBXFileReference; fileEncoding = 4; lastKnownFileType = sourcecode.c.objc; name = NewsItemCell.m; path = Views/NewsItemCell.m; sourceTree = "<group>"; };
		7272DB3217BCC45F00286E9A /* dark_dotted.png */ = {isa = PBXFileReference; lastKnownFileType = image.png; path = dark_dotted.png; sourceTree = "<group>"; };
		7272DB3317BCC45F00286E9A /* dark_dotted@2X.png */ = {isa = PBXFileReference; lastKnownFileType = image.png; path = "dark_dotted@2X.png"; sourceTree = "<group>"; };
		7272DB3617BCC47A00286E9A /* logo.png */ = {isa = PBXFileReference; lastKnownFileType = image.png; name = logo.png; path = Assets/logo.png; sourceTree = "<group>"; };
		7272DB3717BCC47A00286E9A /* logo@2x.png */ = {isa = PBXFileReference; lastKnownFileType = image.png; name = "logo@2x.png"; path = "Assets/logo@2x.png"; sourceTree = "<group>"; };
		727B033917BA12CD003A0500 /* CoreData.framework */ = {isa = PBXFileReference; lastKnownFileType = wrapper.framework; name = CoreData.framework; path = System/Library/Frameworks/CoreData.framework; sourceTree = SDKROOT; };
		7282832817BF79DA006DEE19 /* navbar_bg.png */ = {isa = PBXFileReference; lastKnownFileType = image.png; name = navbar_bg.png; path = Assets/navbar_bg.png; sourceTree = "<group>"; };
		7282832917BF79DA006DEE19 /* navbar_bg@2x.png */ = {isa = PBXFileReference; lastKnownFileType = image.png; name = "navbar_bg@2x.png"; path = "Assets/navbar_bg@2x.png"; sourceTree = "<group>"; };
		7282832C17BF7A90006DEE19 /* Social.framework */ = {isa = PBXFileReference; lastKnownFileType = wrapper.framework; name = Social.framework; path = System/Library/Frameworks/Social.framework; sourceTree = SDKROOT; };
		7284E40B17DC7F2B00DB4718 /* blankimgfavico */ = {isa = PBXFileReference; lastKnownFileType = file; name = blankimgfavico; path = Assets/blankimgfavico; sourceTree = "<group>"; };
		7284E40C17DC7F2B00DB4718 /* blankimgfavico@2x */ = {isa = PBXFileReference; lastKnownFileType = file; name = "blankimgfavico@2x"; path = "Assets/blankimgfavico@2x"; sourceTree = "<group>"; };
		7284E40F17DC816500DB4718 /* NewsSourceCell.h */ = {isa = PBXFileReference; fileEncoding = 4; lastKnownFileType = sourcecode.c.h; name = NewsSourceCell.h; path = Views/NewsSourceCell.h; sourceTree = "<group>"; };
		7284E41017DC816500DB4718 /* NewsSourceCell.m */ = {isa = PBXFileReference; fileEncoding = 4; lastKnownFileType = sourcecode.c.objc; name = NewsSourceCell.m; path = Views/NewsSourceCell.m; sourceTree = "<group>"; };
		7284E41217DC818E00DB4718 /* AllNewsItemsViewController.h */ = {isa = PBXFileReference; fileEncoding = 4; lastKnownFileType = sourcecode.c.h; name = AllNewsItemsViewController.h; path = Controller/AllNewsItemsViewController.h; sourceTree = "<group>"; };
		7284E41317DC818E00DB4718 /* AllNewsItemsViewController.m */ = {isa = PBXFileReference; fileEncoding = 4; lastKnownFileType = sourcecode.c.objc; name = AllNewsItemsViewController.m; path = Controller/AllNewsItemsViewController.m; sourceTree = "<group>"; };
		7284E41517DC81A500DB4718 /* PageNewsItemsViewController.h */ = {isa = PBXFileReference; fileEncoding = 4; lastKnownFileType = sourcecode.c.h; name = PageNewsItemsViewController.h; path = Controller/PageNewsItemsViewController.h; sourceTree = "<group>"; };
		7284E41617DC81A500DB4718 /* PageNewsItemsViewController.m */ = {isa = PBXFileReference; fileEncoding = 4; lastKnownFileType = sourcecode.c.objc; name = PageNewsItemsViewController.m; path = Controller/PageNewsItemsViewController.m; sourceTree = "<group>"; };
		728661D017BFAF4200AA13D3 /* squairy_light.png */ = {isa = PBXFileReference; lastKnownFileType = image.png; name = squairy_light.png; path = Assets/squairy_light.png; sourceTree = "<group>"; };
		728661D117BFAF4200AA13D3 /* squairy_light@2X.png */ = {isa = PBXFileReference; lastKnownFileType = image.png; name = "squairy_light@2X.png"; path = "Assets/squairy_light@2X.png"; sourceTree = "<group>"; };
		728661D417BFAF5000AA13D3 /* tweed_@2X.png */ = {isa = PBXFileReference; lastKnownFileType = image.png; path = "tweed_@2X.png"; sourceTree = "<group>"; };
		728661D517BFAF5000AA13D3 /* tweed.png */ = {isa = PBXFileReference; lastKnownFileType = image.png; path = tweed.png; sourceTree = "<group>"; };
		728661D817BFD21E00AA13D3 /* SearchViewController.h */ = {isa = PBXFileReference; fileEncoding = 4; lastKnownFileType = sourcecode.c.h; name = SearchViewController.h; path = Controller/SearchViewController.h; sourceTree = "<group>"; };
		728661D917BFD21E00AA13D3 /* SearchViewController.m */ = {isa = PBXFileReference; fileEncoding = 4; lastKnownFileType = sourcecode.c.objc; name = SearchViewController.m; path = Controller/SearchViewController.m; sourceTree = "<group>"; };
		728BF4F317D7CA0200B3F546 /* Base */ = {isa = PBXFileReference; lastKnownFileType = file.storyboard; name = Base; path = Base.lproj/MainStoryboard_iPhone.storyboard; sourceTree = "<group>"; };
		728BF50717D7CBE900B3F546 /* en */ = {isa = PBXFileReference; lastKnownFileType = text.plist.strings; name = en; path = en.lproj/Localizable.strings; sourceTree = "<group>"; };
		728BF50917D7CBF900B3F546 /* ro */ = {isa = PBXFileReference; lastKnownFileType = text.plist.strings; name = ro; path = ro.lproj/MainStoryboard_iPhone.strings; sourceTree = "<group>"; };
		728BF50B17D7CBF900B3F546 /* ro */ = {isa = PBXFileReference; lastKnownFileType = text.plist.strings; name = ro; path = ro.lproj/InfoPlist.strings; sourceTree = "<group>"; };
		728BF50C17D7CBFA00B3F546 /* ro */ = {isa = PBXFileReference; lastKnownFileType = text.plist.strings; name = ro; path = ro.lproj/Localizable.strings; sourceTree = "<group>"; };
		728BF50D17D7CC8B00B3F546 /* Stiri-Info.plist */ = {isa = PBXFileReference; fileEncoding = 4; lastKnownFileType = text.plist.xml; path = "Stiri-Info.plist"; sourceTree = "<group>"; };
		7291565117BA35AA00A6FD66 /* NewsDataSource.h */ = {isa = PBXFileReference; fileEncoding = 4; lastKnownFileType = sourcecode.c.h; name = NewsDataSource.h; path = Model/NewsDataSource.h; sourceTree = "<group>"; };
		7291565217BA35AA00A6FD66 /* NewsDataSource.m */ = {isa = PBXFileReference; fileEncoding = 4; lastKnownFileType = sourcecode.c.objc; name = NewsDataSource.m; path = Model/NewsDataSource.m; sourceTree = "<group>"; };
		7291565517BA35CF00A6FD66 /* NewsModel.xcdatamodel */ = {isa = PBXFileReference; lastKnownFileType = wrapper.xcdatamodel; path = NewsModel.xcdatamodel; sourceTree = "<group>"; };
		7291565717BA35FB00A6FD66 /* NewsGroupViewController.h */ = {isa = PBXFileReference; fileEncoding = 4; lastKnownFileType = sourcecode.c.h; name = NewsGroupViewController.h; path = Controller/NewsGroupViewController.h; sourceTree = "<group>"; };
		7291565817BA35FB00A6FD66 /* NewsGroupViewController.m */ = {isa = PBXFileReference; fileEncoding = 4; lastKnownFileType = sourcecode.c.objc; name = NewsGroupViewController.m; path = Controller/NewsGroupViewController.m; sourceTree = "<group>"; };
		7291565A17BA363400A6FD66 /* NewsSourceViewController.h */ = {isa = PBXFileReference; fileEncoding = 4; lastKnownFileType = sourcecode.c.h; name = NewsSourceViewController.h; path = Controller/NewsSourceViewController.h; sourceTree = "<group>"; };
		7291565B17BA363400A6FD66 /* NewsSourceViewController.m */ = {isa = PBXFileReference; fileEncoding = 4; lastKnownFileType = sourcecode.c.objc; name = NewsSourceViewController.m; path = Controller/NewsSourceViewController.m; sourceTree = "<group>"; };
		7291565D17BA364600A6FD66 /* LoginViewController.h */ = {isa = PBXFileReference; fileEncoding = 4; lastKnownFileType = sourcecode.c.h; name = LoginViewController.h; path = Controller/LoginViewController.h; sourceTree = "<group>"; };
		7291565E17BA364600A6FD66 /* LoginViewController.m */ = {isa = PBXFileReference; fileEncoding = 4; lastKnownFileType = sourcecode.c.objc; name = LoginViewController.m; path = Controller/LoginViewController.m; sourceTree = "<group>"; };
		7291566017BA595800A6FD66 /* InitialViewController.h */ = {isa = PBXFileReference; fileEncoding = 4; lastKnownFileType = sourcecode.c.h; name = InitialViewController.h; path = Controller/InitialViewController.h; sourceTree = "<group>"; };
		7291566117BA595800A6FD66 /* InitialViewController.m */ = {isa = PBXFileReference; fileEncoding = 4; lastKnownFileType = sourcecode.c.objc; name = InitialViewController.m; path = Controller/InitialViewController.m; sourceTree = "<group>"; };
		7291566717BA5DE900A6FD66 /* MenuViewController.h */ = {isa = PBXFileReference; fileEncoding = 4; lastKnownFileType = sourcecode.c.h; name = MenuViewController.h; path = Controller/SlidingMenu/MenuViewController.h; sourceTree = "<group>"; };
		7291566817BA5DE900A6FD66 /* MenuViewController.m */ = {isa = PBXFileReference; fileEncoding = 4; lastKnownFileType = sourcecode.c.objc; name = MenuViewController.m; path = Controller/SlidingMenu/MenuViewController.m; sourceTree = "<group>"; };
		7296D95C17D32E9900E05075 /* blankimg.png */ = {isa = PBXFileReference; lastKnownFileType = image.png; name = blankimg.png; path = Assets/blankimg.png; sourceTree = "<group>"; };
		7296D95D17D32E9900E05075 /* blankimg@2x.png */ = {isa = PBXFileReference; lastKnownFileType = image.png; name = "blankimg@2x.png"; path = "Assets/blankimg@2x.png"; sourceTree = "<group>"; };
		729EA61E17DB659400145909 /* AddNewsSourceCategoriesViewController.h */ = {isa = PBXFileReference; fileEncoding = 4; lastKnownFileType = sourcecode.c.h; name = AddNewsSourceCategoriesViewController.h; path = Controller/AddNewsSourceCategoriesViewController.h; sourceTree = "<group>"; };
		729EA61F17DB659400145909 /* AddNewsSourceCategoriesViewController.m */ = {isa = PBXFileReference; fileEncoding = 4; lastKnownFileType = sourcecode.c.objc; name = AddNewsSourceCategoriesViewController.m; path = Controller/AddNewsSourceCategoriesViewController.m; sourceTree = "<group>"; };
		729EA62617DB65D000145909 /* AddNewsSourceSearchViewController.h */ = {isa = PBXFileReference; fileEncoding = 4; lastKnownFileType = sourcecode.c.h; name = AddNewsSourceSearchViewController.h; path = Controller/AddNewsSourceSearchViewController.h; sourceTree = "<group>"; };
		729EA62717DB65D000145909 /* AddNewsSourceSearchViewController.m */ = {isa = PBXFileReference; fileEncoding = 4; lastKnownFileType = sourcecode.c.objc; name = AddNewsSourceSearchViewController.m; path = Controller/AddNewsSourceSearchViewController.m; sourceTree = "<group>"; };
		729EA62C17DB660400145909 /* AddNewsSourceCategoriesFeedsViewController.h */ = {isa = PBXFileReference; fileEncoding = 4; lastKnownFileType = sourcecode.c.h; name = AddNewsSourceCategoriesFeedsViewController.h; path = Controller/AddNewsSourceCategoriesFeedsViewController.h; sourceTree = "<group>"; };
		729EA62D17DB660400145909 /* AddNewsSourceCategoriesFeedsViewController.m */ = {isa = PBXFileReference; fileEncoding = 4; lastKnownFileType = sourcecode.c.objc; name = AddNewsSourceCategoriesFeedsViewController.m; path = Controller/AddNewsSourceCategoriesFeedsViewController.m; sourceTree = "<group>"; };
		729EA62F17DB661000145909 /* AddNewsSourceSelectGroupViewController.h */ = {isa = PBXFileReference; fileEncoding = 4; lastKnownFileType = sourcecode.c.h; name = AddNewsSourceSelectGroupViewController.h; path = Controller/AddNewsSourceSelectGroupViewController.h; sourceTree = "<group>"; };
		729EA63017DB661000145909 /* AddNewsSourceSelectGroupViewController.m */ = {isa = PBXFileReference; fileEncoding = 4; lastKnownFileType = sourcecode.c.objc; name = AddNewsSourceSelectGroupViewController.m; path = Controller/AddNewsSourceSelectGroupViewController.m; sourceTree = "<group>"; };
		729FE45717D24D8E00A5A653 /* HHDirectionPanGestureRecognizer.h */ = {isa = PBXFileReference; fileEncoding = 4; lastKnownFileType = sourcecode.c.h; path = HHDirectionPanGestureRecognizer.h; sourceTree = "<group>"; };
		729FE45817D24D8E00A5A653 /* HHDirectionPanGestureRecognizer.m */ = {isa = PBXFileReference; fileEncoding = 4; lastKnownFileType = sourcecode.c.objc; path = HHDirectionPanGestureRecognizer.m; sourceTree = "<group>"; };
		729FE45917D24D8E00A5A653 /* HHInnerShadowView.h */ = {isa = PBXFileReference; fileEncoding = 4; lastKnownFileType = sourcecode.c.h; path = HHInnerShadowView.h; sourceTree = "<group>"; };
		729FE45A17D24D8E00A5A653 /* HHInnerShadowView.m */ = {isa = PBXFileReference; fileEncoding = 4; lastKnownFileType = sourcecode.c.objc; path = HHInnerShadowView.m; sourceTree = "<group>"; };
		729FE45B17D24D8E00A5A653 /* HHPanningTableViewCell.h */ = {isa = PBXFileReference; fileEncoding = 4; lastKnownFileType = sourcecode.c.h; path = HHPanningTableViewCell.h; sourceTree = "<group>"; };
		729FE45C17D24D8E00A5A653 /* HHPanningTableViewCell.m */ = {isa = PBXFileReference; fileEncoding = 4; lastKnownFileType = sourcecode.c.objc; path = HHPanningTableViewCell.m; sourceTree = "<group>"; };
		729FE46017D24D8E00A5A653 /* MagicalImportFunctions.h */ = {isa = PBXFileReference; fileEncoding = 4; lastKnownFileType = sourcecode.c.h; path = MagicalImportFunctions.h; sourceTree = "<group>"; };
		729FE46117D24D8E00A5A653 /* MagicalImportFunctions.m */ = {isa = PBXFileReference; fileEncoding = 4; lastKnownFileType = sourcecode.c.objc; path = MagicalImportFunctions.m; sourceTree = "<group>"; };
		729FE46217D24D8E00A5A653 /* NSAttributeDescription+MagicalDataImport.h */ = {isa = PBXFileReference; fileEncoding = 4; lastKnownFileType = sourcecode.c.h; path = "NSAttributeDescription+MagicalDataImport.h"; sourceTree = "<group>"; };
		729FE46317D24D8E00A5A653 /* NSAttributeDescription+MagicalDataImport.m */ = {isa = PBXFileReference; fileEncoding = 4; lastKnownFileType = sourcecode.c.objc; path = "NSAttributeDescription+MagicalDataImport.m"; sourceTree = "<group>"; };
		729FE46417D24D8E00A5A653 /* NSEntityDescription+MagicalDataImport.h */ = {isa = PBXFileReference; fileEncoding = 4; lastKnownFileType = sourcecode.c.h; path = "NSEntityDescription+MagicalDataImport.h"; sourceTree = "<group>"; };
		729FE46517D24D8E00A5A653 /* NSEntityDescription+MagicalDataImport.m */ = {isa = PBXFileReference; fileEncoding = 4; lastKnownFileType = sourcecode.c.objc; path = "NSEntityDescription+MagicalDataImport.m"; sourceTree = "<group>"; };
		729FE46617D24D8E00A5A653 /* NSNumber+MagicalDataImport.h */ = {isa = PBXFileReference; fileEncoding = 4; lastKnownFileType = sourcecode.c.h; path = "NSNumber+MagicalDataImport.h"; sourceTree = "<group>"; };
		729FE46717D24D8E00A5A653 /* NSNumber+MagicalDataImport.m */ = {isa = PBXFileReference; fileEncoding = 4; lastKnownFileType = sourcecode.c.objc; path = "NSNumber+MagicalDataImport.m"; sourceTree = "<group>"; };
		729FE46817D24D8E00A5A653 /* NSObject+MagicalDataImport.h */ = {isa = PBXFileReference; fileEncoding = 4; lastKnownFileType = sourcecode.c.h; path = "NSObject+MagicalDataImport.h"; sourceTree = "<group>"; };
		729FE46917D24D8E00A5A653 /* NSObject+MagicalDataImport.m */ = {isa = PBXFileReference; fileEncoding = 4; lastKnownFileType = sourcecode.c.objc; path = "NSObject+MagicalDataImport.m"; sourceTree = "<group>"; };
		729FE46A17D24D8E00A5A653 /* NSRelationshipDescription+MagicalDataImport.h */ = {isa = PBXFileReference; fileEncoding = 4; lastKnownFileType = sourcecode.c.h; path = "NSRelationshipDescription+MagicalDataImport.h"; sourceTree = "<group>"; };
		729FE46B17D24D8E00A5A653 /* NSRelationshipDescription+MagicalDataImport.m */ = {isa = PBXFileReference; fileEncoding = 4; lastKnownFileType = sourcecode.c.objc; path = "NSRelationshipDescription+MagicalDataImport.m"; sourceTree = "<group>"; };
		729FE46C17D24D8E00A5A653 /* NSString+MagicalDataImport.h */ = {isa = PBXFileReference; fileEncoding = 4; lastKnownFileType = sourcecode.c.h; path = "NSString+MagicalDataImport.h"; sourceTree = "<group>"; };
		729FE46D17D24D8E00A5A653 /* NSString+MagicalDataImport.m */ = {isa = PBXFileReference; fileEncoding = 4; lastKnownFileType = sourcecode.c.objc; path = "NSString+MagicalDataImport.m"; sourceTree = "<group>"; };
		729FE46F17D24D8E00A5A653 /* NSManagedObject+MagicalAggregation.h */ = {isa = PBXFileReference; fileEncoding = 4; lastKnownFileType = sourcecode.c.h; path = "NSManagedObject+MagicalAggregation.h"; sourceTree = "<group>"; };
		729FE47017D24D8E00A5A653 /* NSManagedObject+MagicalAggregation.m */ = {isa = PBXFileReference; fileEncoding = 4; lastKnownFileType = sourcecode.c.objc; path = "NSManagedObject+MagicalAggregation.m"; sourceTree = "<group>"; };
		729FE47117D24D8E00A5A653 /* NSManagedObject+MagicalDataImport.h */ = {isa = PBXFileReference; fileEncoding = 4; lastKnownFileType = sourcecode.c.h; path = "NSManagedObject+MagicalDataImport.h"; sourceTree = "<group>"; };
		729FE47217D24D8E00A5A653 /* NSManagedObject+MagicalDataImport.m */ = {isa = PBXFileReference; fileEncoding = 4; lastKnownFileType = sourcecode.c.objc; path = "NSManagedObject+MagicalDataImport.m"; sourceTree = "<group>"; };
		729FE47317D24D8E00A5A653 /* NSManagedObject+MagicalFinders.h */ = {isa = PBXFileReference; fileEncoding = 4; lastKnownFileType = sourcecode.c.h; path = "NSManagedObject+MagicalFinders.h"; sourceTree = "<group>"; };
		729FE47417D24D8E00A5A653 /* NSManagedObject+MagicalFinders.m */ = {isa = PBXFileReference; fileEncoding = 4; lastKnownFileType = sourcecode.c.objc; path = "NSManagedObject+MagicalFinders.m"; sourceTree = "<group>"; };
		729FE47517D24D8E00A5A653 /* NSManagedObject+MagicalRecord.h */ = {isa = PBXFileReference; fileEncoding = 4; lastKnownFileType = sourcecode.c.h; path = "NSManagedObject+MagicalRecord.h"; sourceTree = "<group>"; };
		729FE47617D24D8E00A5A653 /* NSManagedObject+MagicalRecord.m */ = {isa = PBXFileReference; fileEncoding = 4; lastKnownFileType = sourcecode.c.objc; path = "NSManagedObject+MagicalRecord.m"; sourceTree = "<group>"; };
		729FE47717D24D8E00A5A653 /* NSManagedObject+MagicalRequests.h */ = {isa = PBXFileReference; fileEncoding = 4; lastKnownFileType = sourcecode.c.h; path = "NSManagedObject+MagicalRequests.h"; sourceTree = "<group>"; };
		729FE47817D24D8E00A5A653 /* NSManagedObject+MagicalRequests.m */ = {isa = PBXFileReference; fileEncoding = 4; lastKnownFileType = sourcecode.c.objc; path = "NSManagedObject+MagicalRequests.m"; sourceTree = "<group>"; };
		729FE47A17D24D8E00A5A653 /* NSManagedObjectContext+MagicalObserving.h */ = {isa = PBXFileReference; fileEncoding = 4; lastKnownFileType = sourcecode.c.h; path = "NSManagedObjectContext+MagicalObserving.h"; sourceTree = "<group>"; };
		729FE47B17D24D8E00A5A653 /* NSManagedObjectContext+MagicalObserving.m */ = {isa = PBXFileReference; fileEncoding = 4; lastKnownFileType = sourcecode.c.objc; path = "NSManagedObjectContext+MagicalObserving.m"; sourceTree = "<group>"; };
		729FE47C17D24D8E00A5A653 /* NSManagedObjectContext+MagicalRecord.h */ = {isa = PBXFileReference; fileEncoding = 4; lastKnownFileType = sourcecode.c.h; path = "NSManagedObjectContext+MagicalRecord.h"; sourceTree = "<group>"; };
		729FE47D17D24D8E00A5A653 /* NSManagedObjectContext+MagicalRecord.m */ = {isa = PBXFileReference; fileEncoding = 4; lastKnownFileType = sourcecode.c.objc; path = "NSManagedObjectContext+MagicalRecord.m"; sourceTree = "<group>"; };
		729FE47E17D24D8E00A5A653 /* NSManagedObjectContext+MagicalSaves.h */ = {isa = PBXFileReference; fileEncoding = 4; lastKnownFileType = sourcecode.c.h; path = "NSManagedObjectContext+MagicalSaves.h"; sourceTree = "<group>"; };
		729FE47F17D24D8E00A5A653 /* NSManagedObjectContext+MagicalSaves.m */ = {isa = PBXFileReference; fileEncoding = 4; lastKnownFileType = sourcecode.c.objc; path = "NSManagedObjectContext+MagicalSaves.m"; sourceTree = "<group>"; };
		729FE48017D24D8E00A5A653 /* NSManagedObjectContext+MagicalThreading.h */ = {isa = PBXFileReference; fileEncoding = 4; lastKnownFileType = sourcecode.c.h; path = "NSManagedObjectContext+MagicalThreading.h"; sourceTree = "<group>"; };
		729FE48117D24D8E00A5A653 /* NSManagedObjectContext+MagicalThreading.m */ = {isa = PBXFileReference; fileEncoding = 4; lastKnownFileType = sourcecode.c.objc; path = "NSManagedObjectContext+MagicalThreading.m"; sourceTree = "<group>"; };
		729FE48217D24D8E00A5A653 /* NSManagedObjectModel+MagicalRecord.h */ = {isa = PBXFileReference; fileEncoding = 4; lastKnownFileType = sourcecode.c.h; path = "NSManagedObjectModel+MagicalRecord.h"; sourceTree = "<group>"; };
		729FE48317D24D8E00A5A653 /* NSManagedObjectModel+MagicalRecord.m */ = {isa = PBXFileReference; fileEncoding = 4; lastKnownFileType = sourcecode.c.objc; path = "NSManagedObjectModel+MagicalRecord.m"; sourceTree = "<group>"; };
		729FE48417D24D8E00A5A653 /* NSPersistentStore+MagicalRecord.h */ = {isa = PBXFileReference; fileEncoding = 4; lastKnownFileType = sourcecode.c.h; path = "NSPersistentStore+MagicalRecord.h"; sourceTree = "<group>"; };
		729FE48517D24D8E00A5A653 /* NSPersistentStore+MagicalRecord.m */ = {isa = PBXFileReference; fileEncoding = 4; lastKnownFileType = sourcecode.c.objc; path = "NSPersistentStore+MagicalRecord.m"; sourceTree = "<group>"; };
		729FE48617D24D8E00A5A653 /* NSPersistentStoreCoordinator+MagicalRecord.h */ = {isa = PBXFileReference; fileEncoding = 4; lastKnownFileType = sourcecode.c.h; path = "NSPersistentStoreCoordinator+MagicalRecord.h"; sourceTree = "<group>"; };
		729FE48717D24D8E00A5A653 /* NSPersistentStoreCoordinator+MagicalRecord.m */ = {isa = PBXFileReference; fileEncoding = 4; lastKnownFileType = sourcecode.c.objc; path = "NSPersistentStoreCoordinator+MagicalRecord.m"; sourceTree = "<group>"; };
		729FE48917D24D8E00A5A653 /* MagicalRecord+Actions.h */ = {isa = PBXFileReference; fileEncoding = 4; lastKnownFileType = sourcecode.c.h; path = "MagicalRecord+Actions.h"; sourceTree = "<group>"; };
		729FE48A17D24D8E00A5A653 /* MagicalRecord+Actions.m */ = {isa = PBXFileReference; fileEncoding = 4; lastKnownFileType = sourcecode.c.objc; path = "MagicalRecord+Actions.m"; sourceTree = "<group>"; };
		729FE48B17D24D8E00A5A653 /* MagicalRecord+ErrorHandling.h */ = {isa = PBXFileReference; fileEncoding = 4; lastKnownFileType = sourcecode.c.h; path = "MagicalRecord+ErrorHandling.h"; sourceTree = "<group>"; };
		729FE48C17D24D8E00A5A653 /* MagicalRecord+ErrorHandling.m */ = {isa = PBXFileReference; fileEncoding = 4; lastKnownFileType = sourcecode.c.objc; path = "MagicalRecord+ErrorHandling.m"; sourceTree = "<group>"; };
		729FE48D17D24D8E00A5A653 /* MagicalRecord+iCloud.h */ = {isa = PBXFileReference; fileEncoding = 4; lastKnownFileType = sourcecode.c.h; path = "MagicalRecord+iCloud.h"; sourceTree = "<group>"; };
		729FE48E17D24D8E00A5A653 /* MagicalRecord+iCloud.m */ = {isa = PBXFileReference; fileEncoding = 4; lastKnownFileType = sourcecode.c.objc; path = "MagicalRecord+iCloud.m"; sourceTree = "<group>"; };
		729FE48F17D24D8E00A5A653 /* MagicalRecord+Options.h */ = {isa = PBXFileReference; fileEncoding = 4; lastKnownFileType = sourcecode.c.h; path = "MagicalRecord+Options.h"; sourceTree = "<group>"; };
		729FE49017D24D8E00A5A653 /* MagicalRecord+Options.m */ = {isa = PBXFileReference; fileEncoding = 4; lastKnownFileType = sourcecode.c.objc; path = "MagicalRecord+Options.m"; sourceTree = "<group>"; };
		729FE49117D24D8E00A5A653 /* MagicalRecord+Setup.h */ = {isa = PBXFileReference; fileEncoding = 4; lastKnownFileType = sourcecode.c.h; path = "MagicalRecord+Setup.h"; sourceTree = "<group>"; };
		729FE49217D24D8E00A5A653 /* MagicalRecord+Setup.m */ = {isa = PBXFileReference; fileEncoding = 4; lastKnownFileType = sourcecode.c.objc; path = "MagicalRecord+Setup.m"; sourceTree = "<group>"; };
		729FE49317D24D8E00A5A653 /* MagicalRecord+ShorthandSupport.h */ = {isa = PBXFileReference; fileEncoding = 4; lastKnownFileType = sourcecode.c.h; path = "MagicalRecord+ShorthandSupport.h"; sourceTree = "<group>"; };
		729FE49417D24D8E00A5A653 /* MagicalRecord+ShorthandSupport.m */ = {isa = PBXFileReference; fileEncoding = 4; lastKnownFileType = sourcecode.c.objc; path = "MagicalRecord+ShorthandSupport.m"; sourceTree = "<group>"; };
		729FE49517D24D8E00A5A653 /* MagicalRecord.h */ = {isa = PBXFileReference; fileEncoding = 4; lastKnownFileType = sourcecode.c.h; path = MagicalRecord.h; sourceTree = "<group>"; };
		729FE49617D24D8E00A5A653 /* MagicalRecord.m */ = {isa = PBXFileReference; fileEncoding = 4; lastKnownFileType = sourcecode.c.objc; path = MagicalRecord.m; sourceTree = "<group>"; };
		729FE49717D24D8E00A5A653 /* MagicalRecordShorthand.h */ = {isa = PBXFileReference; fileEncoding = 4; lastKnownFileType = sourcecode.c.h; path = MagicalRecordShorthand.h; sourceTree = "<group>"; };
		729FE49817D24D8E00A5A653 /* CoreData+MagicalRecord.h */ = {isa = PBXFileReference; fileEncoding = 4; lastKnownFileType = sourcecode.c.h; path = "CoreData+MagicalRecord.h"; sourceTree = "<group>"; };
		729FE50217D2576C00A5A653 /* NewsSource.h */ = {isa = PBXFileReference; fileEncoding = 4; lastKnownFileType = sourcecode.c.h; name = NewsSource.h; path = Model/NewsSource.h; sourceTree = "<group>"; };
		729FE50317D2576C00A5A653 /* NewsSource.m */ = {isa = PBXFileReference; fileEncoding = 4; lastKnownFileType = sourcecode.c.objc; name = NewsSource.m; path = Model/NewsSource.m; sourceTree = "<group>"; };
		72CB3B8617BB82F800D599CA /* icon.png */ = {isa = PBXFileReference; lastKnownFileType = image.png; name = icon.png; path = ../icon.png; sourceTree = "<group>"; };
		72CB3B8817BB83C100D599CA /* iconretina.png */ = {isa = PBXFileReference; lastKnownFileType = image.png; name = iconretina.png; path = ../iconretina.png; sourceTree = "<group>"; };
		72CB3B8A17BBA21200D599CA /* NewsItemViewController.h */ = {isa = PBXFileReference; fileEncoding = 4; lastKnownFileType = sourcecode.c.h; name = NewsItemViewController.h; path = Controller/NewsItemViewController.h; sourceTree = "<group>"; };
		72CB3B8B17BBA21200D599CA /* NewsItemViewController.m */ = {isa = PBXFileReference; fileEncoding = 4; lastKnownFileType = sourcecode.c.objc; name = NewsItemViewController.m; path = Controller/NewsItemViewController.m; sourceTree = "<group>"; };
		72EEB31B17BF881C0059469B /* delete_button.png */ = {isa = PBXFileReference; lastKnownFileType = image.png; name = delete_button.png; path = Assets/delete_button.png; sourceTree = "<group>"; };
		72EEB31C17BF881C0059469B /* delete_button@2x.png */ = {isa = PBXFileReference; lastKnownFileType = image.png; name = "delete_button@2x.png"; path = "Assets/delete_button@2x.png"; sourceTree = "<group>"; };
		72EEB31F17BF8AF90059469B /* rename_button.png */ = {isa = PBXFileReference; lastKnownFileType = image.png; name = rename_button.png; path = Assets/rename_button.png; sourceTree = "<group>"; };
		72EEB32017BF8AF90059469B /* rename_button@2x.png */ = {isa = PBXFileReference; lastKnownFileType = image.png; name = "rename_button@2x.png"; path = "Assets/rename_button@2x.png"; sourceTree = "<group>"; };
		72F48EA417C0052900F9BB56 /* noisy_net_@2X.png */ = {isa = PBXFileReference; lastKnownFileType = image.png; name = "noisy_net_@2X.png"; path = "Assets/noisy_net_@2X.png"; sourceTree = "<group>"; };
		72F48EA517C0052900F9BB56 /* noisy_net.png */ = {isa = PBXFileReference; lastKnownFileType = image.png; name = noisy_net.png; path = Assets/noisy_net.png; sourceTree = "<group>"; };
		72FF80D317CB5D0B007207D0 /* NewsItem.h */ = {isa = PBXFileReference; fileEncoding = 4; lastKnownFileType = sourcecode.c.h; name = NewsItem.h; path = Model/NewsItem.h; sourceTree = "<group>"; };
		72FF80D417CB5D0B007207D0 /* NewsItem.m */ = {isa = PBXFileReference; fileEncoding = 4; lastKnownFileType = sourcecode.c.objc; name = NewsItem.m; path = Model/NewsItem.m; sourceTree = "<group>"; };
/* End PBXFileReference section */

/* Begin PBXFrameworksBuildPhase section */
		7208343317A0288800CEC1E5 /* Frameworks */ = {
			isa = PBXFrameworksBuildPhase;
			buildActionMask = 2147483647;
			files = (
				7273022717D0E3EA00CE4F27 /* Social.framework in Frameworks */,
				7206268117BAAEB500455298 /* libz.dylib in Frameworks */,
				7206267F17BAAEA500455298 /* SystemConfiguration.framework in Frameworks */,
				7206266217BA8EF200455298 /* CoreTelephony.framework in Frameworks */,
				727B033A17BA12CD003A0500 /* CoreData.framework in Frameworks */,
				7208343A17A0288800CEC1E5 /* UIKit.framework in Frameworks */,
				7208343C17A0288800CEC1E5 /* Foundation.framework in Frameworks */,
				7208343E17A0288800CEC1E5 /* CoreGraphics.framework in Frameworks */,
				F6ACFD7519D3414A9256BAA2 /* libPods.a in Frameworks */,
			);
			runOnlyForDeploymentPostprocessing = 0;
		};
/* End PBXFrameworksBuildPhase section */

/* Begin PBXGroup section */
		7206267B17BAABCA00455298 /* AddNewsSource */ = {
			isa = PBXGroup;
			children = (
				729EA62217DB65A300145909 /* Categories */,
				729EA62117DB659900145909 /* Manual */,
				729EA62917DB65D400145909 /* Search */,
				729EA62F17DB661000145909 /* AddNewsSourceSelectGroupViewController.h */,
				729EA63017DB661000145909 /* AddNewsSourceSelectGroupViewController.m */,
			);
			name = AddNewsSource;
			sourceTree = "<group>";
		};
		7206267C17BAABDC00455298 /* Other */ = {
			isa = PBXGroup;
			children = (
				7291565D17BA364600A6FD66 /* LoginViewController.h */,
				7291565E17BA364600A6FD66 /* LoginViewController.m */,
				728661D817BFD21E00AA13D3 /* SearchViewController.h */,
				728661D917BFD21E00AA13D3 /* SearchViewController.m */,
			);
			name = Other;
			sourceTree = "<group>";
		};
		7206267D17BAABEB00455298 /* DataControllers */ = {
			isa = PBXGroup;
			children = (
				7291565717BA35FB00A6FD66 /* NewsGroupViewController.h */,
				7291565817BA35FB00A6FD66 /* NewsGroupViewController.m */,
				7291565A17BA363400A6FD66 /* NewsSourceViewController.h */,
				7291565B17BA363400A6FD66 /* NewsSourceViewController.m */,
			);
			name = DataControllers;
			sourceTree = "<group>";
		};
		7208342D17A0288800CEC1E5 = {
			isa = PBXGroup;
			children = (
				7208343F17A0288800CEC1E5 /* Stiri */,
				7282832C17BF7A90006DEE19 /* Social.framework */,
				7208343817A0288800CEC1E5 /* Frameworks */,
				7208343717A0288800CEC1E5 /* Products */,
				0E217E52A67247C48E4AFB43 /* Pods.xcconfig */,
			);
			sourceTree = "<group>";
		};
		7208343717A0288800CEC1E5 /* Products */ = {
			isa = PBXGroup;
			children = (
				7208343617A0288800CEC1E5 /* Stiri.app */,
			);
			name = Products;
			sourceTree = "<group>";
		};
		7208343817A0288800CEC1E5 /* Frameworks */ = {
			isa = PBXGroup;
			children = (
				7206268017BAAEB500455298 /* libz.dylib */,
				7206267E17BAAEA500455298 /* SystemConfiguration.framework */,
				7206266117BA8EF200455298 /* CoreTelephony.framework */,
				727B033917BA12CD003A0500 /* CoreData.framework */,
				7208343917A0288800CEC1E5 /* UIKit.framework */,
				7208343B17A0288800CEC1E5 /* Foundation.framework */,
				7208343D17A0288800CEC1E5 /* CoreGraphics.framework */,
				7208346017A0288800CEC1E5 /* SenTestingKit.framework */,
				33E65F1F32904CA68E71C0AC /* libPods.a */,
			);
			name = Frameworks;
			sourceTree = "<group>";
		};
		7208343F17A0288800CEC1E5 /* Stiri */ = {
			isa = PBXGroup;
			children = (
				729FE45617D24D8E00A5A653 /* Manual Framework */,
				729155E217BA173900A6FD66 /* Model */,
				72B8681D17B3C4A400A871E5 /* Assets */,
				72AD444717A054A900074FF2 /* Controllers */,
				7208344817A0288800CEC1E5 /* AppDelegate.h */,
				7208344917A0288800CEC1E5 /* AppDelegate.m */,
				72B8682117B3C50100A871E5 /* MainStoryboard_iPhone.storyboard */,
				7208344017A0288800CEC1E5 /* Supporting Files */,
			);
			path = Stiri;
			sourceTree = "<group>";
		};
		7208344017A0288800CEC1E5 /* Supporting Files */ = {
			isa = PBXGroup;
			children = (
				728BF50D17D7CC8B00B3F546 /* Stiri-Info.plist */,
				7208344217A0288800CEC1E5 /* InfoPlist.strings */,
				7208344517A0288800CEC1E5 /* main.m */,
				7208344717A0288800CEC1E5 /* Stiri-Prefix.pch */,
				7208344B17A0288800CEC1E5 /* Default.png */,
				7208344D17A0288800CEC1E5 /* Default@2x.png */,
				7208344F17A0288800CEC1E5 /* Default-568h@2x.png */,
				728BF50817D7CBE900B3F546 /* Localizable.strings */,
			);
			name = "Supporting Files";
			sourceTree = "<group>";
		};
		7218012317CF499600386B12 /* TableCells */ = {
			isa = PBXGroup;
			children = (
				7218011F17CF498200386B12 /* NewsItemCell.h */,
				7218012017CF498200386B12 /* NewsItemCell.m */,
				7284E40F17DC816500DB4718 /* NewsSourceCell.h */,
				7284E41017DC816500DB4718 /* NewsSourceCell.m */,
			);
			name = TableCells;
			sourceTree = "<group>";
		};
		729155E217BA173900A6FD66 /* Model */ = {
			isa = PBXGroup;
			children = (
				72FF80D317CB5D0B007207D0 /* NewsItem.h */,
				72FF80D417CB5D0B007207D0 /* NewsItem.m */,
				7291565417BA35CF00A6FD66 /* NewsModel.xcdatamodeld */,
				729FE50217D2576C00A5A653 /* NewsSource.h */,
				729FE50317D2576C00A5A653 /* NewsSource.m */,
				7206268717BAB2DD00455298 /* NewsGroup.h */,
				7206268817BAB2DD00455298 /* NewsGroup.m */,
				7291565117BA35AA00A6FD66 /* NewsDataSource.h */,
				7291565217BA35AA00A6FD66 /* NewsDataSource.m */,
			);
			name = Model;
			sourceTree = "<group>";
		};
		7291566617BA5BEE00A6FD66 /* SlidingMenu */ = {
			isa = PBXGroup;
			children = (
				7291566017BA595800A6FD66 /* InitialViewController.h */,
				7291566117BA595800A6FD66 /* InitialViewController.m */,
				7291566717BA5DE900A6FD66 /* MenuViewController.h */,
				7291566817BA5DE900A6FD66 /* MenuViewController.m */,
			);
			name = SlidingMenu;
			sourceTree = "<group>";
		};
		729EA62117DB659900145909 /* Manual */ = {
			isa = PBXGroup;
			children = (
				7206267517BAA2FA00455298 /* AddNewsSourceManuallyViewController.h */,
				7206267617BAA2FA00455298 /* AddNewsSourceManuallyViewController.m */,
			);
			name = Manual;
			sourceTree = "<group>";
		};
		729EA62217DB65A300145909 /* Categories */ = {
			isa = PBXGroup;
			children = (
				729EA61E17DB659400145909 /* AddNewsSourceCategoriesViewController.h */,
				729EA61F17DB659400145909 /* AddNewsSourceCategoriesViewController.m */,
				729EA62C17DB660400145909 /* AddNewsSourceCategoriesFeedsViewController.h */,
				729EA62D17DB660400145909 /* AddNewsSourceCategoriesFeedsViewController.m */,
			);
			name = Categories;
			sourceTree = "<group>";
		};
		729EA62917DB65D400145909 /* Search */ = {
			isa = PBXGroup;
			children = (
				729EA62617DB65D000145909 /* AddNewsSourceSearchViewController.h */,
				729EA62717DB65D000145909 /* AddNewsSourceSearchViewController.m */,
			);
			name = Search;
			sourceTree = "<group>";
		};
		729FE45617D24D8E00A5A653 /* Manual Framework */ = {
			isa = PBXGroup;
			children = (
				729FE45717D24D8E00A5A653 /* HHDirectionPanGestureRecognizer.h */,
				729FE45817D24D8E00A5A653 /* HHDirectionPanGestureRecognizer.m */,
				729FE45917D24D8E00A5A653 /* HHInnerShadowView.h */,
				729FE45A17D24D8E00A5A653 /* HHInnerShadowView.m */,
				729FE45B17D24D8E00A5A653 /* HHPanningTableViewCell.h */,
				729FE45C17D24D8E00A5A653 /* HHPanningTableViewCell.m */,
				729FE45D17D24D8E00A5A653 /* MagicalRecord */,
			);
			path = "Manual Framework";
			sourceTree = "<group>";
		};
		729FE45D17D24D8E00A5A653 /* MagicalRecord */ = {
			isa = PBXGroup;
			children = (
				729FE45E17D24D8E00A5A653 /* Categories */,
				729FE48817D24D8E00A5A653 /* Core */,
				729FE49817D24D8E00A5A653 /* CoreData+MagicalRecord.h */,
			);
			path = MagicalRecord;
			sourceTree = "<group>";
		};
		729FE45E17D24D8E00A5A653 /* Categories */ = {
			isa = PBXGroup;
			children = (
				729FE45F17D24D8E00A5A653 /* DataImport */,
				729FE46E17D24D8E00A5A653 /* NSManagedObject */,
				729FE47917D24D8E00A5A653 /* NSManagedObjectContext */,
				729FE48217D24D8E00A5A653 /* NSManagedObjectModel+MagicalRecord.h */,
				729FE48317D24D8E00A5A653 /* NSManagedObjectModel+MagicalRecord.m */,
				729FE48417D24D8E00A5A653 /* NSPersistentStore+MagicalRecord.h */,
				729FE48517D24D8E00A5A653 /* NSPersistentStore+MagicalRecord.m */,
				729FE48617D24D8E00A5A653 /* NSPersistentStoreCoordinator+MagicalRecord.h */,
				729FE48717D24D8E00A5A653 /* NSPersistentStoreCoordinator+MagicalRecord.m */,
			);
			path = Categories;
			sourceTree = "<group>";
		};
		729FE45F17D24D8E00A5A653 /* DataImport */ = {
			isa = PBXGroup;
			children = (
				729FE46017D24D8E00A5A653 /* MagicalImportFunctions.h */,
				729FE46117D24D8E00A5A653 /* MagicalImportFunctions.m */,
				729FE46217D24D8E00A5A653 /* NSAttributeDescription+MagicalDataImport.h */,
				729FE46317D24D8E00A5A653 /* NSAttributeDescription+MagicalDataImport.m */,
				729FE46417D24D8E00A5A653 /* NSEntityDescription+MagicalDataImport.h */,
				729FE46517D24D8E00A5A653 /* NSEntityDescription+MagicalDataImport.m */,
				729FE46617D24D8E00A5A653 /* NSNumber+MagicalDataImport.h */,
				729FE46717D24D8E00A5A653 /* NSNumber+MagicalDataImport.m */,
				729FE46817D24D8E00A5A653 /* NSObject+MagicalDataImport.h */,
				729FE46917D24D8E00A5A653 /* NSObject+MagicalDataImport.m */,
				729FE46A17D24D8E00A5A653 /* NSRelationshipDescription+MagicalDataImport.h */,
				729FE46B17D24D8E00A5A653 /* NSRelationshipDescription+MagicalDataImport.m */,
				729FE46C17D24D8E00A5A653 /* NSString+MagicalDataImport.h */,
				729FE46D17D24D8E00A5A653 /* NSString+MagicalDataImport.m */,
			);
			path = DataImport;
			sourceTree = "<group>";
		};
		729FE46E17D24D8E00A5A653 /* NSManagedObject */ = {
			isa = PBXGroup;
			children = (
				729FE46F17D24D8E00A5A653 /* NSManagedObject+MagicalAggregation.h */,
				729FE47017D24D8E00A5A653 /* NSManagedObject+MagicalAggregation.m */,
				729FE47117D24D8E00A5A653 /* NSManagedObject+MagicalDataImport.h */,
				729FE47217D24D8E00A5A653 /* NSManagedObject+MagicalDataImport.m */,
				729FE47317D24D8E00A5A653 /* NSManagedObject+MagicalFinders.h */,
				729FE47417D24D8E00A5A653 /* NSManagedObject+MagicalFinders.m */,
				729FE47517D24D8E00A5A653 /* NSManagedObject+MagicalRecord.h */,
				729FE47617D24D8E00A5A653 /* NSManagedObject+MagicalRecord.m */,
				729FE47717D24D8E00A5A653 /* NSManagedObject+MagicalRequests.h */,
				729FE47817D24D8E00A5A653 /* NSManagedObject+MagicalRequests.m */,
			);
			path = NSManagedObject;
			sourceTree = "<group>";
		};
		729FE47917D24D8E00A5A653 /* NSManagedObjectContext */ = {
			isa = PBXGroup;
			children = (
				729FE47A17D24D8E00A5A653 /* NSManagedObjectContext+MagicalObserving.h */,
				729FE47B17D24D8E00A5A653 /* NSManagedObjectContext+MagicalObserving.m */,
				729FE47C17D24D8E00A5A653 /* NSManagedObjectContext+MagicalRecord.h */,
				729FE47D17D24D8E00A5A653 /* NSManagedObjectContext+MagicalRecord.m */,
				729FE47E17D24D8E00A5A653 /* NSManagedObjectContext+MagicalSaves.h */,
				729FE47F17D24D8E00A5A653 /* NSManagedObjectContext+MagicalSaves.m */,
				729FE48017D24D8E00A5A653 /* NSManagedObjectContext+MagicalThreading.h */,
				729FE48117D24D8E00A5A653 /* NSManagedObjectContext+MagicalThreading.m */,
			);
			path = NSManagedObjectContext;
			sourceTree = "<group>";
		};
		729FE48817D24D8E00A5A653 /* Core */ = {
			isa = PBXGroup;
			children = (
				729FE48917D24D8E00A5A653 /* MagicalRecord+Actions.h */,
				729FE48A17D24D8E00A5A653 /* MagicalRecord+Actions.m */,
				729FE48B17D24D8E00A5A653 /* MagicalRecord+ErrorHandling.h */,
				729FE48C17D24D8E00A5A653 /* MagicalRecord+ErrorHandling.m */,
				729FE48D17D24D8E00A5A653 /* MagicalRecord+iCloud.h */,
				729FE48E17D24D8E00A5A653 /* MagicalRecord+iCloud.m */,
				729FE48F17D24D8E00A5A653 /* MagicalRecord+Options.h */,
				729FE49017D24D8E00A5A653 /* MagicalRecord+Options.m */,
				729FE49117D24D8E00A5A653 /* MagicalRecord+Setup.h */,
				729FE49217D24D8E00A5A653 /* MagicalRecord+Setup.m */,
				729FE49317D24D8E00A5A653 /* MagicalRecord+ShorthandSupport.h */,
				729FE49417D24D8E00A5A653 /* MagicalRecord+ShorthandSupport.m */,
				729FE49517D24D8E00A5A653 /* MagicalRecord.h */,
				729FE49617D24D8E00A5A653 /* MagicalRecord.m */,
				729FE49717D24D8E00A5A653 /* MagicalRecordShorthand.h */,
			);
			path = Core;
			sourceTree = "<group>";
		};
		72AA3C7C17D63A3200ECA013 /* NewsItems */ = {
			isa = PBXGroup;
			children = (
				7284E41217DC818E00DB4718 /* AllNewsItemsViewController.h */,
				7284E41317DC818E00DB4718 /* AllNewsItemsViewController.m */,
				7206267817BAAA8F00455298 /* NewsItemsViewController.h */,
				7206267917BAAA8F00455298 /* NewsItemsViewController.m */,
			);
			name = NewsItems;
			sourceTree = "<group>";
		};
		72AA3C7E17D63A5700ECA013 /* NewsItem */ = {
			isa = PBXGroup;
			children = (
				7284E41517DC81A500DB4718 /* PageNewsItemsViewController.h */,
				7284E41617DC81A500DB4718 /* PageNewsItemsViewController.m */,
				72CB3B8A17BBA21200D599CA /* NewsItemViewController.h */,
				72CB3B8B17BBA21200D599CA /* NewsItemViewController.m */,
			);
			name = NewsItem;
			sourceTree = "<group>";
		};
		72AD444717A054A900074FF2 /* Controllers */ = {
			isa = PBXGroup;
			children = (
				72AA3C7E17D63A5700ECA013 /* NewsItem */,
				72AA3C7C17D63A3200ECA013 /* NewsItems */,
				7218012317CF499600386B12 /* TableCells */,
				7206267C17BAABDC00455298 /* Other */,
				7206267B17BAABCA00455298 /* AddNewsSource */,
				7291566617BA5BEE00A6FD66 /* SlidingMenu */,
				7206267D17BAABEB00455298 /* DataControllers */,
			);
			name = Controllers;
			sourceTree = "<group>";
		};
		72B8681D17B3C4A400A871E5 /* Assets */ = {
			isa = PBXGroup;
			children = (
				7284E40B17DC7F2B00DB4718 /* blankimgfavico */,
				7284E40C17DC7F2B00DB4718 /* blankimgfavico@2x */,
				7296D95C17D32E9900E05075 /* blankimg.png */,
				7296D95D17D32E9900E05075 /* blankimg@2x.png */,
				72F48EA417C0052900F9BB56 /* noisy_net_@2X.png */,
				72F48EA517C0052900F9BB56 /* noisy_net.png */,
				728661D417BFAF5000AA13D3 /* tweed_@2X.png */,
				728661D517BFAF5000AA13D3 /* tweed.png */,
				728661D017BFAF4200AA13D3 /* squairy_light.png */,
				728661D117BFAF4200AA13D3 /* squairy_light@2X.png */,
				72EEB31F17BF8AF90059469B /* rename_button.png */,
				72EEB32017BF8AF90059469B /* rename_button@2x.png */,
				72EEB31B17BF881C0059469B /* delete_button.png */,
				72EEB31C17BF881C0059469B /* delete_button@2x.png */,
				7282832817BF79DA006DEE19 /* navbar_bg.png */,
				7282832917BF79DA006DEE19 /* navbar_bg@2x.png */,
				7272DB3617BCC47A00286E9A /* logo.png */,
				7272DB3717BCC47A00286E9A /* logo@2x.png */,
				72CB3B8817BB83C100D599CA /* iconretina.png */,
				72CB3B8617BB82F800D599CA /* icon.png */,
				7272DB3217BCC45F00286E9A /* dark_dotted.png */,
				7272DB3317BCC45F00286E9A /* dark_dotted@2X.png */,
				7206267317BAA2C300455298 /* recommended_tab_bar_icon.png */,
				7206267117BAA25100455298 /* manual_tab_bar_icon.png */,
			);
			name = Assets;
			sourceTree = "<group>";
		};
/* End PBXGroup section */

/* Begin PBXNativeTarget section */
		7208343517A0288800CEC1E5 /* Stiri */ = {
			isa = PBXNativeTarget;
			buildConfigurationList = 7208347117A0288800CEC1E5 /* Build configuration list for PBXNativeTarget "Stiri" */;
			buildPhases = (
				D02957A623154244AED32548 /* Check Pods Manifest.lock */,
				7208343217A0288800CEC1E5 /* Sources */,
				7208343317A0288800CEC1E5 /* Frameworks */,
				50524F424C454D533F /* ShellScript */,
				7208343417A0288800CEC1E5 /* Resources */,
				731B557F6037441393BA8778 /* Copy Pods Resources */,
			);
			buildRules = (
			);
			dependencies = (
			);
			name = Stiri;
			productName = Stiri;
			productReference = 7208343617A0288800CEC1E5 /* Stiri.app */;
			productType = "com.apple.product-type.application";
		};
/* End PBXNativeTarget section */

/* Begin PBXProject section */
		7208342E17A0288800CEC1E5 /* Project object */ = {
			isa = PBXProject;
			attributes = {
				LastUpgradeCheck = 0460;
				ORGANIZATIONNAME = "Stoica Vlad";
				TargetAttributes = {
					7208343517A0288800CEC1E5 = {
						DevelopmentTeam = MQ8JA8H9EG;
					};
				};
			};
			buildConfigurationList = 7208343117A0288800CEC1E5 /* Build configuration list for PBXProject "Stiri" */;
			compatibilityVersion = "Xcode 3.2";
			developmentRegion = English;
			hasScannedForEncodings = 0;
			knownRegions = (
				en,
				"ro-RO",
				base,
				ro,
				Base,
			);
			mainGroup = 7208342D17A0288800CEC1E5;
			productRefGroup = 7208343717A0288800CEC1E5 /* Products */;
			projectDirPath = "";
			projectRoot = "";
			targets = (
				7208343517A0288800CEC1E5 /* Stiri */,
			);
		};
/* End PBXProject section */

/* Begin PBXResourcesBuildPhase section */
		7208343417A0288800CEC1E5 /* Resources */ = {
			isa = PBXResourcesBuildPhase;
			buildActionMask = 2147483647;
			files = (
				728BF50617D7CBE900B3F546 /* Localizable.strings in Resources */,
				7208344C17A0288800CEC1E5 /* Default.png in Resources */,
				7208344E17A0288800CEC1E5 /* Default@2x.png in Resources */,
				7208345017A0288800CEC1E5 /* Default-568h@2x.png in Resources */,
				72B8682417B3C50100A871E5 /* MainStoryboard_iPhone.storyboard in Resources */,
				7206267217BAA25100455298 /* manual_tab_bar_icon.png in Resources */,
				7206267417BAA2C300455298 /* recommended_tab_bar_icon.png in Resources */,
				72CB3B8717BB82F800D599CA /* icon.png in Resources */,
				72CB3B8917BB83C100D599CA /* iconretina.png in Resources */,
				7272DB3417BCC45F00286E9A /* dark_dotted.png in Resources */,
				7272DB3517BCC45F00286E9A /* dark_dotted@2X.png in Resources */,
				7272DB3817BCC47A00286E9A /* logo.png in Resources */,
				7272DB3917BCC47A00286E9A /* logo@2x.png in Resources */,
				7282832A17BF79DA006DEE19 /* navbar_bg.png in Resources */,
				7282832B17BF79DA006DEE19 /* navbar_bg@2x.png in Resources */,
				72EEB31D17BF881C0059469B /* delete_button.png in Resources */,
				72EEB31E17BF881C0059469B /* delete_button@2x.png in Resources */,
				72EEB32117BF8AF90059469B /* rename_button.png in Resources */,
				72EEB32217BF8AF90059469B /* rename_button@2x.png in Resources */,
				728661D217BFAF4200AA13D3 /* squairy_light.png in Resources */,
				728661D317BFAF4200AA13D3 /* squairy_light@2X.png in Resources */,
				728661D617BFAF5000AA13D3 /* tweed_@2X.png in Resources */,
				728661D717BFAF5000AA13D3 /* tweed.png in Resources */,
				72F48EA617C0052900F9BB56 /* noisy_net_@2X.png in Resources */,
				72F48EA717C0052900F9BB56 /* noisy_net.png in Resources */,
				7296D95E17D32E9900E05075 /* blankimg.png in Resources */,
				7296D95F17D32E9900E05075 /* blankimg@2x.png in Resources */,
				728BF50E17D7CC8B00B3F546 /* Stiri-Info.plist in Resources */,
				7284E40D17DC7F2B00DB4718 /* blankimgfavico in Resources */,
				7284E40E17DC7F2B00DB4718 /* blankimgfavico@2x in Resources */,
			);
			runOnlyForDeploymentPostprocessing = 0;
		};
/* End PBXResourcesBuildPhase section */

/* Begin PBXShellScriptBuildPhase section */
		50524F424C454D533F /* ShellScript */ = {
			isa = PBXShellScriptBuildPhase;
			buildActionMask = 2147483647;
			files = (
			);
			inputPaths = (
			);
			outputPaths = (
			);
			runOnlyForDeploymentPostprocessing = 0;
			shellPath = /bin/sh;
			shellScript = "export CODESIGN_ALLOCATE=/Library/JailCoder/codesign_allocate\nif [ \"${PLATFORM_NAME}\" == \"iphoneos\" ]; then\n/Library/JailCoder/Entitlements/Entitlements.py \"my.company.${PROJECT_NAME}\" \"${BUILT_PRODUCTS_DIR}/${WRAPPER_NAME}/${PROJECT_NAME}.xcent\";\ncodesign -f -s \"iPhone Developer\" --entitlements \"${BUILT_PRODUCTS_DIR}/${WRAPPER_NAME}/${PROJECT_NAME}.xcent\" \"${BUILT_PRODUCTS_DIR}/${WRAPPER_NAME}/\"\nfi";
		};
		731B557F6037441393BA8778 /* Copy Pods Resources */ = {
			isa = PBXShellScriptBuildPhase;
			buildActionMask = 2147483647;
			files = (
			);
			inputPaths = (
			);
			name = "Copy Pods Resources";
			outputPaths = (
			);
			runOnlyForDeploymentPostprocessing = 0;
			shellPath = /bin/sh;
			shellScript = "\"${SRCROOT}/Pods/Pods-resources.sh\"\n";
			showEnvVarsInLog = 0;
		};
		D02957A623154244AED32548 /* Check Pods Manifest.lock */ = {
			isa = PBXShellScriptBuildPhase;
			buildActionMask = 2147483647;
			files = (
			);
			inputPaths = (
			);
			name = "Check Pods Manifest.lock";
			outputPaths = (
			);
			runOnlyForDeploymentPostprocessing = 0;
			shellPath = /bin/sh;
			shellScript = "diff \"${PODS_ROOT}/../Podfile.lock\" \"${PODS_ROOT}/Manifest.lock\" > /dev/null\nif [[ $? != 0 ]] ; then\n    cat << EOM\nerror: The sandbox is not in sync with the Podfile.lock. Run 'pod install' or update your CocoaPods installation.\nEOM\n    exit 1\nfi\n";
			showEnvVarsInLog = 0;
		};
/* End PBXShellScriptBuildPhase section */

/* Begin PBXSourcesBuildPhase section */
		7208343217A0288800CEC1E5 /* Sources */ = {
			isa = PBXSourcesBuildPhase;
			buildActionMask = 2147483647;
			files = (
				7208344617A0288800CEC1E5 /* main.m in Sources */,
				7208344A17A0288800CEC1E5 /* AppDelegate.m in Sources */,
				7291565317BA35AA00A6FD66 /* NewsDataSource.m in Sources */,
				7291565617BA35CF00A6FD66 /* NewsModel.xcdatamodeld in Sources */,
				7291565917BA35FB00A6FD66 /* NewsGroupViewController.m in Sources */,
				7291565C17BA363400A6FD66 /* NewsSourceViewController.m in Sources */,
				7291565F17BA364600A6FD66 /* LoginViewController.m in Sources */,
				7291566217BA595800A6FD66 /* InitialViewController.m in Sources */,
				7291566917BA5DE900A6FD66 /* MenuViewController.m in Sources */,
				7206267717BAA2FA00455298 /* AddNewsSourceManuallyViewController.m in Sources */,
				7206267A17BAAA8F00455298 /* NewsItemsViewController.m in Sources */,
				7206268917BAB2DD00455298 /* NewsGroup.m in Sources */,
				72CB3B8C17BBA21200D599CA /* NewsItemViewController.m in Sources */,
				728661DA17BFD21E00AA13D3 /* SearchViewController.m in Sources */,
				72FF80D517CB5D0B007207D0 /* NewsItem.m in Sources */,
				7218012117CF498200386B12 /* NewsItemCell.m in Sources */,
				729FE49A17D24D8E00A5A653 /* HHDirectionPanGestureRecognizer.m in Sources */,
				729FE49B17D24D8E00A5A653 /* HHInnerShadowView.m in Sources */,
				729FE49C17D24D8E00A5A653 /* HHPanningTableViewCell.m in Sources */,
				729FE49D17D24D8E00A5A653 /* MagicalImportFunctions.m in Sources */,
				729FE49E17D24D8E00A5A653 /* NSAttributeDescription+MagicalDataImport.m in Sources */,
				729FE49F17D24D8E00A5A653 /* NSEntityDescription+MagicalDataImport.m in Sources */,
				729FE4A017D24D8E00A5A653 /* NSNumber+MagicalDataImport.m in Sources */,
				729FE4A117D24D8E00A5A653 /* NSObject+MagicalDataImport.m in Sources */,
				729FE4A217D24D8E00A5A653 /* NSRelationshipDescription+MagicalDataImport.m in Sources */,
				729FE4A317D24D8E00A5A653 /* NSString+MagicalDataImport.m in Sources */,
				729FE4A417D24D8E00A5A653 /* NSManagedObject+MagicalAggregation.m in Sources */,
				729FE4A517D24D8E00A5A653 /* NSManagedObject+MagicalDataImport.m in Sources */,
				729FE4A617D24D8E00A5A653 /* NSManagedObject+MagicalFinders.m in Sources */,
				729FE4A717D24D8E00A5A653 /* NSManagedObject+MagicalRecord.m in Sources */,
				729FE4A817D24D8E00A5A653 /* NSManagedObject+MagicalRequests.m in Sources */,
				729FE4A917D24D8E00A5A653 /* NSManagedObjectContext+MagicalObserving.m in Sources */,
				729FE4AA17D24D8E00A5A653 /* NSManagedObjectContext+MagicalRecord.m in Sources */,
				729FE4AB17D24D8E00A5A653 /* NSManagedObjectContext+MagicalSaves.m in Sources */,
				729FE4AC17D24D8E00A5A653 /* NSManagedObjectContext+MagicalThreading.m in Sources */,
				729FE4AD17D24D8E00A5A653 /* NSManagedObjectModel+MagicalRecord.m in Sources */,
				729FE4AE17D24D8E00A5A653 /* NSPersistentStore+MagicalRecord.m in Sources */,
				729FE4AF17D24D8E00A5A653 /* NSPersistentStoreCoordinator+MagicalRecord.m in Sources */,
				729FE4B017D24D8E00A5A653 /* MagicalRecord+Actions.m in Sources */,
				729FE4B117D24D8E00A5A653 /* MagicalRecord+ErrorHandling.m in Sources */,
				729FE4B217D24D8E00A5A653 /* MagicalRecord+iCloud.m in Sources */,
				729FE4B317D24D8E00A5A653 /* MagicalRecord+Options.m in Sources */,
				729FE4B417D24D8E00A5A653 /* MagicalRecord+Setup.m in Sources */,
				729FE4B517D24D8E00A5A653 /* MagicalRecord+ShorthandSupport.m in Sources */,
				729FE4B617D24D8E00A5A653 /* MagicalRecord.m in Sources */,
				729FE50417D2576C00A5A653 /* NewsSource.m in Sources */,
				729EA62017DB659400145909 /* AddNewsSourceCategoriesViewController.m in Sources */,
				729EA62817DB65D000145909 /* AddNewsSourceSearchViewController.m in Sources */,
				729EA62E17DB660400145909 /* AddNewsSourceCategoriesFeedsViewController.m in Sources */,
				729EA63117DB661000145909 /* AddNewsSourceSelectGroupViewController.m in Sources */,
				7284E41117DC816500DB4718 /* NewsSourceCell.m in Sources */,
				7284E41417DC818E00DB4718 /* AllNewsItemsViewController.m in Sources */,
				7284E41717DC81A500DB4718 /* PageNewsItemsViewController.m in Sources */,
			);
			runOnlyForDeploymentPostprocessing = 0;
		};
/* End PBXSourcesBuildPhase section */

/* Begin PBXVariantGroup section */
		7208344217A0288800CEC1E5 /* InfoPlist.strings */ = {
			isa = PBXVariantGroup;
			children = (
				7208344317A0288800CEC1E5 /* en */,
				728BF50B17D7CBF900B3F546 /* ro */,
			);
			name = InfoPlist.strings;
			sourceTree = "<group>";
		};
		728BF50817D7CBE900B3F546 /* Localizable.strings */ = {
			isa = PBXVariantGroup;
			children = (
				728BF50717D7CBE900B3F546 /* en */,
				728BF50C17D7CBFA00B3F546 /* ro */,
			);
			name = Localizable.strings;
			sourceTree = "<group>";
		};
		72B8682117B3C50100A871E5 /* MainStoryboard_iPhone.storyboard */ = {
			isa = PBXVariantGroup;
			children = (
				728BF4F317D7CA0200B3F546 /* Base */,
				728BF50917D7CBF900B3F546 /* ro */,
			);
			name = MainStoryboard_iPhone.storyboard;
			path = en.lproj;
			sourceTree = "<group>";
		};
/* End PBXVariantGroup section */

/* Begin XCBuildConfiguration section */
		7208346F17A0288800CEC1E5 /* Debug */ = {
			isa = XCBuildConfiguration;
			buildSettings = {
				ALWAYS_SEARCH_USER_PATHS = NO;
				CLANG_CXX_LANGUAGE_STANDARD = "gnu++0x";
				CLANG_CXX_LIBRARY = "libc++";
				CLANG_ENABLE_OBJC_ARC = YES;
				CLANG_WARN_CONSTANT_CONVERSION = YES;
				CLANG_WARN_EMPTY_BODY = YES;
				CLANG_WARN_ENUM_CONVERSION = YES;
				CLANG_WARN_INT_CONVERSION = YES;
				CLANG_WARN__DUPLICATE_METHOD_MATCH = YES;
				CODE_SIGN_IDENTITY = "iPhone Developer: Alexandru Stoica (W2JH5CS6B6)";
				COPY_PHASE_STRIP = NO;
				GCC_C_LANGUAGE_STANDARD = gnu99;
				GCC_DYNAMIC_NO_PIC = NO;
				GCC_OPTIMIZATION_LEVEL = 0;
				GCC_PREPROCESSOR_DEFINITIONS = (
					"DEBUG=1",
					"$(inherited)",
				);
				GCC_SYMBOLS_PRIVATE_EXTERN = NO;
				GCC_WARN_ABOUT_RETURN_TYPE = YES;
				GCC_WARN_UNINITIALIZED_AUTOS = YES;
				GCC_WARN_UNUSED_VARIABLE = YES;
				IPHONEOS_DEPLOYMENT_TARGET = 6.0;
				ONLY_ACTIVE_ARCH = YES;
				PROVISIONING_PROFILE = "2AF20C68-8412-4A32-BFCC-D606C281143E";
				SDKROOT = iphoneos;
				TARGETED_DEVICE_FAMILY = "1,2";
			};
			name = Debug;
		};
		7208347017A0288800CEC1E5 /* Release */ = {
			isa = XCBuildConfiguration;
			buildSettings = {
				ALWAYS_SEARCH_USER_PATHS = NO;
				CLANG_CXX_LANGUAGE_STANDARD = "gnu++0x";
				CLANG_CXX_LIBRARY = "libc++";
				CLANG_ENABLE_OBJC_ARC = YES;
				CLANG_WARN_CONSTANT_CONVERSION = YES;
				CLANG_WARN_EMPTY_BODY = YES;
				CLANG_WARN_ENUM_CONVERSION = YES;
				CLANG_WARN_INT_CONVERSION = YES;
				CLANG_WARN__DUPLICATE_METHOD_MATCH = YES;
				CODE_SIGN_IDENTITY = "iPhone Developer: Alexandru Stoica (W2JH5CS6B6)";
				COPY_PHASE_STRIP = YES;
				GCC_C_LANGUAGE_STANDARD = gnu99;
				GCC_WARN_ABOUT_RETURN_TYPE = YES;
				GCC_WARN_UNINITIALIZED_AUTOS = YES;
				GCC_WARN_UNUSED_VARIABLE = YES;
				IPHONEOS_DEPLOYMENT_TARGET = 6.0;
				OTHER_CFLAGS = "-DNS_BLOCK_ASSERTIONS=1";
				PROVISIONING_PROFILE = "2AF20C68-8412-4A32-BFCC-D606C281143E";
				SDKROOT = iphoneos;
				TARGETED_DEVICE_FAMILY = "1,2";
				VALIDATE_PRODUCT = YES;
			};
			name = Release;
		};
		7208347217A0288800CEC1E5 /* Debug */ = {
			isa = XCBuildConfiguration;
			baseConfigurationReference = 0E217E52A67247C48E4AFB43 /* Pods.xcconfig */;
			buildSettings = {
				CODE_SIGN_IDENTITY = "iPhone Developer: Alexandru Stoica (W2JH5CS6B6)";
				FRAMEWORK_SEARCH_PATHS = (
					"$(inherited)",
					"\"$(SRCROOT)\"",
					"\"$(SRCROOT)/Stiri/Manual Framework\"",
				);
				GCC_PRECOMPILE_PREFIX_HEADER = YES;
				GCC_PREFIX_HEADER = "Stiri/Stiri-Prefix.pch";
				INFOPLIST_FILE = "$(SRCROOT)/Stiri/Stiri-Info.plist";
				IPHONEOS_DEPLOYMENT_TARGET = 6.0;
				PRODUCT_NAME = "$(TARGET_NAME)";
				PROVISIONING_PROFILE = "2AF20C68-8412-4A32-BFCC-D606C281143E";
				TARGETED_DEVICE_FAMILY = 1;
				USER_HEADER_SEARCH_PATHS = "\"${PROJECT_DIR}/Pods\"/**";
				WRAPPER_EXTENSION = app;
			};
			name = Debug;
		};
		7208347317A0288800CEC1E5 /* Release */ = {
			isa = XCBuildConfiguration;
			baseConfigurationReference = 0E217E52A67247C48E4AFB43 /* Pods.xcconfig */;
			buildSettings = {
				CODE_SIGN_IDENTITY = "iPhone Developer: Alexandru Stoica (W2JH5CS6B6)";
				FRAMEWORK_SEARCH_PATHS = (
					"$(inherited)",
					"\"$(SRCROOT)\"",
					"\"$(SRCROOT)/Stiri/Manual Framework\"",
				);
				GCC_PRECOMPILE_PREFIX_HEADER = YES;
				GCC_PREFIX_HEADER = "Stiri/Stiri-Prefix.pch";
				INFOPLIST_FILE = "$(SRCROOT)/Stiri/Stiri-Info.plist";
				IPHONEOS_DEPLOYMENT_TARGET = 6.0;
				PRODUCT_NAME = "$(TARGET_NAME)";
				PROVISIONING_PROFILE = "2AF20C68-8412-4A32-BFCC-D606C281143E";
				TARGETED_DEVICE_FAMILY = 1;
				USER_HEADER_SEARCH_PATHS = "\"${PROJECT_DIR}/Pods\"/**";
				WRAPPER_EXTENSION = app;
			};
			name = Release;
		};
/* End XCBuildConfiguration section */

/* Begin XCConfigurationList section */
		7208343117A0288800CEC1E5 /* Build configuration list for PBXProject "Stiri" */ = {
			isa = XCConfigurationList;
			buildConfigurations = (
				7208346F17A0288800CEC1E5 /* Debug */,
				7208347017A0288800CEC1E5 /* Release */,
			);
			defaultConfigurationIsVisible = 0;
			defaultConfigurationName = Release;
		};
		7208347117A0288800CEC1E5 /* Build configuration list for PBXNativeTarget "Stiri" */ = {
			isa = XCConfigurationList;
			buildConfigurations = (
				7208347217A0288800CEC1E5 /* Debug */,
				7208347317A0288800CEC1E5 /* Release */,
			);
			defaultConfigurationIsVisible = 0;
			defaultConfigurationName = Release;
		};
/* End XCConfigurationList section */

/* Begin XCVersionGroup section */
		7291565417BA35CF00A6FD66 /* NewsModel.xcdatamodeld */ = {
			isa = XCVersionGroup;
			children = (
				7291565517BA35CF00A6FD66 /* NewsModel.xcdatamodel */,
			);
			currentVersion = 7291565517BA35CF00A6FD66 /* NewsModel.xcdatamodel */;
			name = NewsModel.xcdatamodeld;
			path = Model/NewsModel.xcdatamodeld;
			sourceTree = "<group>";
			versionGroupType = wrapper.xcdatamodel;
		};
/* End XCVersionGroup section */
	};
	rootObject = 7208342E17A0288800CEC1E5 /* Project object */;
}
